{
  "version": 4,
  "terraform_version": "1.14.0",
  "serial": 104,
  "lineage": "defc9dcb-bf42-457e-9d9b-a2c998ac1572",
  "outputs": {
    "bastion_public_ip": {
      "value": "44.204.112.28",
      "type": "string"
    },
    "classic_load_balancer_dns": {
      "value": "nginx-clb-585461587.us-east-1.elb.amazonaws.com",
      "type": "string"
    },
    "nginx1_public_ip": {
      "value": "98.84.160.227",
      "type": "string"
    }
  },
  "resources": [
    {
      "mode": "managed",
      "type": "aws_eip",
      "name": "nat",
      "provider": "provider[\"registry.terraform.io/hashicorp/aws\"]",
      "instances": [
        {
          "schema_version": 0,
          "attributes": {
            "address": null,
            "allocation_id": "eipalloc-0ddb9729b64514093",
            "arn": "arn:aws:ec2:us-east-1:148712431636:elastic-ip/eipalloc-0ddb9729b64514093",
            "associate_with_private_ip": null,
            "association_id": "",
            "carrier_ip": "",
            "customer_owned_ip": "",
            "customer_owned_ipv4_pool": "",
            "domain": "vpc",
            "id": "eipalloc-0ddb9729b64514093",
            "instance": "",
            "ipam_pool_id": null,
            "network_border_group": "us-east-1",
            "network_interface": "",
            "private_dns": null,
            "private_ip": "",
            "ptr_record": "",
            "public_dns": "ec2-34-200-178-173.compute-1.amazonaws.com",
            "public_ip": "34.200.178.173",
            "public_ipv4_pool": "amazon",
            "region": "us-east-1",
            "tags": {
              "Name": "nat-eip"
            },
            "tags_all": {
              "Name": "nat-eip"
            },
            "timeouts": null
          },
          "sensitive_attributes": [],
          "identity_schema_version": 0,
          "private": "eyJlMmJmYjczMC1lY2FhLTExZTYtOGY4OC0zNDM2M2JjN2M0YzAiOnsiZGVsZXRlIjoxODAwMDAwMDAwMDAsInJlYWQiOjkwMDAwMDAwMDAwMCwidXBkYXRlIjozMDAwMDAwMDAwMDB9fQ=="
        }
      ]
    },
    {
      "mode": "managed",
      "type": "aws_elb",
      "name": "nginx_clb",
      "provider": "provider[\"registry.terraform.io/hashicorp/aws\"]",
      "instances": [
        {
          "schema_version": 0,
          "attributes": {
            "access_logs": [],
            "arn": "arn:aws:elasticloadbalancing:us-east-1:148712431636:loadbalancer/nginx-clb",
            "availability_zones": [
              "us-east-1a",
              "us-east-1b"
            ],
            "connection_draining": false,
            "connection_draining_timeout": 300,
            "cross_zone_load_balancing": true,
            "desync_mitigation_mode": "defensive",
            "dns_name": "nginx-clb-585461587.us-east-1.elb.amazonaws.com",
            "health_check": [
              {
                "healthy_threshold": 2,
                "interval": 30,
                "target": "HTTP:80/",
                "timeout": 3,
                "unhealthy_threshold": 2
              }
            ],
            "id": "nginx-clb",
            "idle_timeout": 60,
            "instances": [
              "i-092f1a77801f44790",
              "i-0e98819a0e5a0220d"
            ],
            "internal": false,
            "listener": [
              {
                "instance_port": 80,
                "instance_protocol": "http",
                "lb_port": 80,
                "lb_protocol": "http",
                "ssl_certificate_id": ""
              }
            ],
            "name": "nginx-clb",
            "name_prefix": "",
            "region": "us-east-1",
            "security_groups": [
              "sg-004d1f1e9598cc380"
            ],
            "source_security_group": "148712431636/clb-sg",
            "source_security_group_id": "sg-004d1f1e9598cc380",
            "subnets": [
              "subnet-02375f4cb5f9f8dc4",
              "subnet-03cbcc887fe67c5c1"
            ],
            "tags": {
              "Name": "Nginx-Public-CLB"
            },
            "tags_all": {
              "Name": "Nginx-Public-CLB"
            },
            "timeouts": null,
            "zone_id": "Z35SXDOTRQ7X7K"
          },
          "sensitive_attributes": [],
          "identity_schema_version": 0,
          "private": "eyJlMmJmYjczMC1lY2FhLTExZTYtOGY4OC0zNDM2M2JjN2M0YzAiOnsiY3JlYXRlIjozMDAwMDAwMDAwMDAsInVwZGF0ZSI6MzAwMDAwMDAwMDAwfX0=",
          "dependencies": [
            "aws_instance.nginx1",
            "aws_instance.nginx2",
            "aws_key_pair.mykk",
            "aws_lb.internal",
            "aws_security_group.clb_sg",
            "aws_security_group.lb_sg",
            "aws_security_group.public_sg",
            "aws_subnet.private_a",
            "aws_subnet.private_b",
            "aws_subnet.public_a",
            "aws_subnet.public_b",
            "aws_vpc.main",
            "tls_private_key.mykk"
          ]
        }
      ]
    },
    {
      "mode": "managed",
      "type": "aws_instance",
      "name": "bastion",
      "provider": "provider[\"registry.terraform.io/hashicorp/aws\"]",
      "instances": [
        {
          "schema_version": 2,
          "attributes": {
            "ami": "ami-0c02fb55956c7d316",
            "arn": "arn:aws:ec2:us-east-1:148712431636:instance/i-0e8f04e0fd1c262fe",
            "associate_public_ip_address": true,
            "availability_zone": "us-east-1a",
            "capacity_reservation_specification": [
              {
                "capacity_reservation_preference": "open",
                "capacity_reservation_target": []
              }
            ],
            "cpu_options": [
              {
                "amd_sev_snp": "",
                "core_count": 1,
                "threads_per_core": 2
              }
            ],
            "credit_specification": [
              {
                "cpu_credits": "unlimited"
              }
            ],
            "disable_api_stop": false,
            "disable_api_termination": false,
            "ebs_block_device": [],
            "ebs_optimized": false,
            "enable_primary_ipv6": null,
            "enclave_options": [
              {
                "enabled": false
              }
            ],
            "ephemeral_block_device": [],
            "force_destroy": false,
            "get_password_data": false,
            "hibernation": false,
            "host_id": "",
            "host_resource_group_arn": null,
            "iam_instance_profile": "",
            "id": "i-0e8f04e0fd1c262fe",
            "instance_initiated_shutdown_behavior": "stop",
            "instance_lifecycle": "",
            "instance_market_options": [],
            "instance_state": "running",
            "instance_type": "t3.micro",
            "ipv6_address_count": 0,
            "ipv6_addresses": [],
            "key_name": "mykk",
            "launch_template": [],
            "maintenance_options": [
              {
                "auto_recovery": "default"
              }
            ],
            "metadata_options": [
              {
                "http_endpoint": "enabled",
                "http_protocol_ipv6": "disabled",
                "http_put_response_hop_limit": 1,
                "http_tokens": "optional",
                "instance_metadata_tags": "disabled"
              }
            ],
            "monitoring": false,
            "network_interface": [],
            "outpost_arn": "",
            "password_data": "",
            "placement_group": "",
            "placement_group_id": "",
            "placement_partition_number": 0,
            "primary_network_interface": [
              {
                "delete_on_termination": true,
                "network_interface_id": "eni-0e7cf2502de1c005a"
              }
            ],
            "primary_network_interface_id": "eni-0e7cf2502de1c005a",
            "private_dns": "ip-10-0-1-102.ec2.internal",
            "private_dns_name_options": [
              {
                "enable_resource_name_dns_a_record": false,
                "enable_resource_name_dns_aaaa_record": false,
                "hostname_type": "ip-name"
              }
            ],
            "private_ip": "10.0.1.102",
            "public_dns": "ec2-44-204-112-28.compute-1.amazonaws.com",
            "public_ip": "44.204.112.28",
            "region": "us-east-1",
            "root_block_device": [
              {
                "delete_on_termination": true,
                "device_name": "/dev/xvda",
                "encrypted": false,
                "iops": 100,
                "kms_key_id": "",
                "tags": {},
                "tags_all": {},
                "throughput": 0,
                "volume_id": "vol-09ae20bcd2777f813",
                "volume_size": 8,
                "volume_type": "gp2"
              }
            ],
            "secondary_private_ips": [],
            "security_groups": [],
            "source_dest_check": true,
            "spot_instance_request_id": "",
            "subnet_id": "subnet-02375f4cb5f9f8dc4",
            "tags": {
              "Name": "Bastion-Host"
            },
            "tags_all": {
              "Name": "Bastion-Host"
            },
            "tenancy": "default",
            "timeouts": null,
            "user_data": null,
            "user_data_base64": null,
            "user_data_replace_on_change": false,
            "volume_tags": null,
            "vpc_security_group_ids": [
              "sg-0a0793113f65ddd4f"
            ]
          },
          "sensitive_attributes": [],
          "identity_schema_version": 0,
          "identity": {
            "account_id": "148712431636",
            "id": "i-0e8f04e0fd1c262fe",
            "region": "us-east-1"
          },
          "private": "eyJlMmJmYjczMC1lY2FhLTExZTYtOGY4OC0zNDM2M2JjN2M0YzAiOnsiY3JlYXRlIjo2MDAwMDAwMDAwMDAsImRlbGV0ZSI6MTIwMDAwMDAwMDAwMCwicmVhZCI6OTAwMDAwMDAwMDAwLCJ1cGRhdGUiOjYwMDAwMDAwMDAwMH0sInNjaGVtYV92ZXJzaW9uIjoiMiJ9",
          "dependencies": [
            "aws_key_pair.mykk",
            "aws_security_group.bastion_sg",
            "aws_subnet.public_a",
            "aws_vpc.main",
            "tls_private_key.mykk"
          ]
        }
      ]
    },
    {
      "mode": "managed",
      "type": "aws_instance",
      "name": "nginx1",
      "provider": "provider[\"registry.terraform.io/hashicorp/aws\"]",
      "instances": [
        {
          "schema_version": 2,
          "attributes": {
            "ami": "ami-0c02fb55956c7d316",
            "arn": "arn:aws:ec2:us-east-1:148712431636:instance/i-092f1a77801f44790",
            "associate_public_ip_address": true,
            "availability_zone": "us-east-1a",
            "capacity_reservation_specification": [
              {
                "capacity_reservation_preference": "open",
                "capacity_reservation_target": []
              }
            ],
            "cpu_options": [
              {
                "amd_sev_snp": "",
                "core_count": 1,
                "threads_per_core": 2
              }
            ],
            "credit_specification": [
              {
                "cpu_credits": "unlimited"
              }
            ],
            "disable_api_stop": false,
            "disable_api_termination": false,
            "ebs_block_device": [],
            "ebs_optimized": false,
            "enable_primary_ipv6": null,
            "enclave_options": [
              {
                "enabled": false
              }
            ],
            "ephemeral_block_device": [],
            "force_destroy": false,
            "get_password_data": false,
            "hibernation": false,
            "host_id": "",
            "host_resource_group_arn": null,
            "iam_instance_profile": "",
            "id": "i-092f1a77801f44790",
            "instance_initiated_shutdown_behavior": "stop",
            "instance_lifecycle": "",
            "instance_market_options": [],
            "instance_state": "running",
            "instance_type": "t3.small",
            "ipv6_address_count": 0,
            "ipv6_addresses": [],
            "key_name": "mykk",
            "launch_template": [],
            "maintenance_options": [
              {
                "auto_recovery": "default"
              }
            ],
            "metadata_options": [
              {
                "http_endpoint": "enabled",
                "http_protocol_ipv6": "disabled",
                "http_put_response_hop_limit": 1,
                "http_tokens": "optional",
                "instance_metadata_tags": "disabled"
              }
            ],
            "monitoring": false,
            "network_interface": [],
            "outpost_arn": "",
            "password_data": "",
            "placement_group": "",
            "placement_group_id": "",
            "placement_partition_number": 0,
            "primary_network_interface": [
              {
                "delete_on_termination": true,
                "network_interface_id": "eni-0ef5fb5b9537e84ea"
              }
            ],
            "primary_network_interface_id": "eni-0ef5fb5b9537e84ea",
            "private_dns": "ip-10-0-1-52.ec2.internal",
            "private_dns_name_options": [
              {
                "enable_resource_name_dns_a_record": false,
                "enable_resource_name_dns_aaaa_record": false,
                "hostname_type": "ip-name"
              }
            ],
            "private_ip": "10.0.1.52",
            "public_dns": "ec2-98-84-160-227.compute-1.amazonaws.com",
            "public_ip": "98.84.160.227",
            "region": "us-east-1",
            "root_block_device": [
              {
                "delete_on_termination": true,
                "device_name": "/dev/xvda",
                "encrypted": false,
                "iops": 100,
                "kms_key_id": "",
                "tags": {},
                "tags_all": {},
                "throughput": 0,
                "volume_id": "vol-08a0c137dcb029571",
                "volume_size": 8,
                "volume_type": "gp2"
              }
            ],
            "secondary_private_ips": [],
            "security_groups": [],
            "source_dest_check": true,
            "spot_instance_request_id": "",
            "subnet_id": "subnet-02375f4cb5f9f8dc4",
            "tags": {
              "Name": "nginx1-public-reverse-proxy"
            },
            "tags_all": {
              "Name": "nginx1-public-reverse-proxy"
            },
            "tenancy": "default",
            "timeouts": null,
            "user_data": null,
            "user_data_base64": "IyEvYmluL2Jhc2gKeXVtIHVwZGF0ZSAteQphbWF6b24tbGludXgtZXh0cmFzIGVuYWJsZSBuZ2lueDEKeXVtIGluc3RhbGwgbmdpbnggLXkKICAgIApjYXQgPiAvZXRjL25naW54L2NvbmYuZC9yZXZlcnNlLXByb3h5LmNvbmYgPDwgRU9MCnNlcnZlciB7CiAgICBsaXN0ZW4gODA7CiAgICByZXNvbHZlciAxMC4wLjAuMiB2YWxpZD01czsgCiAgICBzZXQgXCRiYWNrZW5kICJpbnRlcm5hbC1teS1pbnRlcm5hbC1hbGItODQ0OTczNjAyLnVzLWVhc3QtMS5lbGIuYW1hem9uYXdzLmNvbSI7CiAgICAgICAgCiAgICBwcm94eV9jb25uZWN0X3RpbWVvdXQgNjBzOyAKICAgIHByb3h5X3NlbmRfdGltZW91dCA2MHM7ICAgIAogICAgcHJveHlfcmVhZF90aW1lb3V0IDYwczsgICAgCiAgICAgICAgCiAgICBsb2NhdGlvbiAvIHsKICAgICAgICBwcm94eV9wYXNzIGh0dHA6Ly9cJGJhY2tlbmQ7CiAgICAgICAgcHJveHlfc2V0X2hlYWRlciBIb3N0IFwkaG9zdDsKICAgICAgICBwcm94eV9zZXRfaGVhZGVyIFgtUmVhbC1JUCBcJHJlbW90ZV9hZGRyOwogICAgICAgIHByb3h5X3NldF9oZWFkZXIgWC1Gb3J3YXJkZWQtRm9yIFwkcHJveHlfYWRkX3hfZm9yd2FyZGVkX2ZvcjsKICAgIH0KfQpFT0wKICAgIApzeXN0ZW1jdGwgZW5hYmxlIG5naW54CnN5c3RlbWN0bCBzdGFydCBuZ2lueApzeXN0ZW1jdGwgcmVsb2FkIG5naW54Cg==",
            "user_data_replace_on_change": false,
            "volume_tags": null,
            "vpc_security_group_ids": [
              "sg-081581c3109258fcf"
            ]
          },
          "sensitive_attributes": [],
          "identity_schema_version": 0,
          "identity": {
            "account_id": "148712431636",
            "id": "i-092f1a77801f44790",
            "region": "us-east-1"
          },
          "private": "eyJlMmJmYjczMC1lY2FhLTExZTYtOGY4OC0zNDM2M2JjN2M0YzAiOnsiY3JlYXRlIjo2MDAwMDAwMDAwMDAsImRlbGV0ZSI6MTIwMDAwMDAwMDAwMCwicmVhZCI6OTAwMDAwMDAwMDAwLCJ1cGRhdGUiOjYwMDAwMDAwMDAwMH0sInNjaGVtYV92ZXJzaW9uIjoiMiJ9",
          "dependencies": [
            "aws_key_pair.mykk",
            "aws_lb.internal",
            "aws_security_group.clb_sg",
            "aws_security_group.lb_sg",
            "aws_security_group.public_sg",
            "aws_subnet.private_a",
            "aws_subnet.private_b",
            "aws_subnet.public_a",
            "aws_vpc.main",
            "tls_private_key.mykk"
          ]
        }
      ]
    },
    {
      "mode": "managed",
      "type": "aws_instance",
      "name": "nginx2",
      "provider": "provider[\"registry.terraform.io/hashicorp/aws\"]",
      "instances": [
        {
          "schema_version": 2,
          "attributes": {
            "ami": "ami-0c02fb55956c7d316",
            "arn": "arn:aws:ec2:us-east-1:148712431636:instance/i-0e98819a0e5a0220d",
            "associate_public_ip_address": true,
            "availability_zone": "us-east-1b",
            "capacity_reservation_specification": [
              {
                "capacity_reservation_preference": "open",
                "capacity_reservation_target": []
              }
            ],
            "cpu_options": [
              {
                "amd_sev_snp": "",
                "core_count": 1,
                "threads_per_core": 2
              }
            ],
            "credit_specification": [
              {
                "cpu_credits": "unlimited"
              }
            ],
            "disable_api_stop": false,
            "disable_api_termination": false,
            "ebs_block_device": [],
            "ebs_optimized": false,
            "enable_primary_ipv6": null,
            "enclave_options": [
              {
                "enabled": false
              }
            ],
            "ephemeral_block_device": [],
            "force_destroy": false,
            "get_password_data": false,
            "hibernation": false,
            "host_id": "",
            "host_resource_group_arn": null,
            "iam_instance_profile": "",
            "id": "i-0e98819a0e5a0220d",
            "instance_initiated_shutdown_behavior": "stop",
            "instance_lifecycle": "",
            "instance_market_options": [],
            "instance_state": "running",
            "instance_type": "t3.small",
            "ipv6_address_count": 0,
            "ipv6_addresses": [],
            "key_name": "mykk",
            "launch_template": [],
            "maintenance_options": [
              {
                "auto_recovery": "default"
              }
            ],
            "metadata_options": [
              {
                "http_endpoint": "enabled",
                "http_protocol_ipv6": "disabled",
                "http_put_response_hop_limit": 1,
                "http_tokens": "optional",
                "instance_metadata_tags": "disabled"
              }
            ],
            "monitoring": false,
            "network_interface": [],
            "outpost_arn": "",
            "password_data": "",
            "placement_group": "",
            "placement_group_id": "",
            "placement_partition_number": 0,
            "primary_network_interface": [
              {
                "delete_on_termination": true,
                "network_interface_id": "eni-02c59d0ff77079f74"
              }
            ],
            "primary_network_interface_id": "eni-02c59d0ff77079f74",
            "private_dns": "ip-10-0-2-171.ec2.internal",
            "private_dns_name_options": [
              {
                "enable_resource_name_dns_a_record": false,
                "enable_resource_name_dns_aaaa_record": false,
                "hostname_type": "ip-name"
              }
            ],
            "private_ip": "10.0.2.171",
            "public_dns": "ec2-34-230-43-47.compute-1.amazonaws.com",
            "public_ip": "34.230.43.47",
            "region": "us-east-1",
            "root_block_device": [
              {
                "delete_on_termination": true,
                "device_name": "/dev/xvda",
                "encrypted": false,
                "iops": 100,
                "kms_key_id": "",
                "tags": {},
                "tags_all": {},
                "throughput": 0,
                "volume_id": "vol-0cf82727eecf2dcd5",
                "volume_size": 8,
                "volume_type": "gp2"
              }
            ],
            "secondary_private_ips": [],
            "security_groups": [],
            "source_dest_check": true,
            "spot_instance_request_id": "",
            "subnet_id": "subnet-03cbcc887fe67c5c1",
            "tags": {
              "Name": "nginx2-public-reverse-proxy"
            },
            "tags_all": {
              "Name": "nginx2-public-reverse-proxy"
            },
            "tenancy": "default",
            "timeouts": null,
            "user_data": null,
            "user_data_base64": "IyEvYmluL2Jhc2gKeXVtIHVwZGF0ZSAteQphbWF6b24tbGludXgtZXh0cmFzIGVuYWJsZSBuZ2lueDEKeXVtIGluc3RhbGwgbmdpbnggLXkKICAgIApjYXQgPiAvZXRjL25naW54L2NvbmYuZC9yZXZlcnNlLXByb3h5LmNvbmYgPDwgRU9MCnNlcnZlciB7CiAgICBsaXN0ZW4gODA7CiAgICByZXNvbHZlciAxMC4wLjAuMiB2YWxpZD01czsgCiAgICBzZXQgXCRiYWNrZW5kICJpbnRlcm5hbC1teS1pbnRlcm5hbC1hbGItODQ0OTczNjAyLnVzLWVhc3QtMS5lbGIuYW1hem9uYXdzLmNvbSI7CiAgICAgICAgCiAgICBwcm94eV9jb25uZWN0X3RpbWVvdXQgNjBzOyAKICAgIHByb3h5X3NlbmRfdGltZW91dCA2MHM7ICAgIAogICAgcHJveHlfcmVhZF90aW1lb3V0IDYwczsgICAgCiAgICAgICAgCiAgICBsb2NhdGlvbiAvIHsKICAgICAgICBwcm94eV9wYXNzIGh0dHA6Ly9cJGJhY2tlbmQ7CiAgICAgICAgcHJveHlfc2V0X2hlYWRlciBIb3N0IFwkaG9zdDsKICAgICAgICBwcm94eV9zZXRfaGVhZGVyIFgtUmVhbC1JUCBcJHJlbW90ZV9hZGRyOwogICAgICAgIHByb3h5X3NldF9oZWFkZXIgWC1Gb3J3YXJkZWQtRm9yIFwkcHJveHlfYWRkX3hfZm9yd2FyZGVkX2ZvcjsKICAgIH0KfQpFT0wKICAgIApzeXN0ZW1jdGwgZW5hYmxlIG5naW54CnN5c3RlbWN0bCBzdGFydCBuZ2lueApzeXN0ZW1jdGwgcmVsb2FkIG5naW54Cg==",
            "user_data_replace_on_change": false,
            "volume_tags": null,
            "vpc_security_group_ids": [
              "sg-081581c3109258fcf"
            ]
          },
          "sensitive_attributes": [],
          "identity_schema_version": 0,
          "identity": {
            "account_id": "148712431636",
            "id": "i-0e98819a0e5a0220d",
            "region": "us-east-1"
          },
          "private": "eyJlMmJmYjczMC1lY2FhLTExZTYtOGY4OC0zNDM2M2JjN2M0YzAiOnsiY3JlYXRlIjo2MDAwMDAwMDAwMDAsImRlbGV0ZSI6MTIwMDAwMDAwMDAwMCwicmVhZCI6OTAwMDAwMDAwMDAwLCJ1cGRhdGUiOjYwMDAwMDAwMDAwMH0sInNjaGVtYV92ZXJzaW9uIjoiMiJ9",
          "dependencies": [
            "aws_key_pair.mykk",
            "aws_lb.internal",
            "aws_security_group.clb_sg",
            "aws_security_group.lb_sg",
            "aws_security_group.public_sg",
            "aws_subnet.private_a",
            "aws_subnet.private_b",
            "aws_subnet.public_b",
            "aws_vpc.main",
            "tls_private_key.mykk"
          ]
        }
      ]
    },
    {
      "mode": "managed",
      "type": "aws_instance",
      "name": "nginx3",
      "provider": "provider[\"registry.terraform.io/hashicorp/aws\"]",
      "instances": [
        {
          "schema_version": 2,
          "attributes": {
            "ami": "ami-0c02fb55956c7d316",
            "arn": "arn:aws:ec2:us-east-1:148712431636:instance/i-0d81215049086da79",
            "associate_public_ip_address": false,
            "availability_zone": "us-east-1a",
            "capacity_reservation_specification": [
              {
                "capacity_reservation_preference": "open",
                "capacity_reservation_target": []
              }
            ],
            "cpu_options": [
              {
                "amd_sev_snp": "",
                "core_count": 1,
                "threads_per_core": 2
              }
            ],
            "credit_specification": [
              {
                "cpu_credits": "unlimited"
              }
            ],
            "disable_api_stop": false,
            "disable_api_termination": false,
            "ebs_block_device": [],
            "ebs_optimized": false,
            "enable_primary_ipv6": null,
            "enclave_options": [
              {
                "enabled": false
              }
            ],
            "ephemeral_block_device": [],
            "force_destroy": false,
            "get_password_data": false,
            "hibernation": false,
            "host_id": "",
            "host_resource_group_arn": null,
            "iam_instance_profile": "",
            "id": "i-0d81215049086da79",
            "instance_initiated_shutdown_behavior": "stop",
            "instance_lifecycle": "",
            "instance_market_options": [],
            "instance_state": "running",
            "instance_type": "t3.small",
            "ipv6_address_count": 0,
            "ipv6_addresses": [],
            "key_name": "mykk",
            "launch_template": [],
            "maintenance_options": [
              {
                "auto_recovery": "default"
              }
            ],
            "metadata_options": [
              {
                "http_endpoint": "enabled",
                "http_protocol_ipv6": "disabled",
                "http_put_response_hop_limit": 1,
                "http_tokens": "optional",
                "instance_metadata_tags": "disabled"
              }
            ],
            "monitoring": false,
            "network_interface": [],
            "outpost_arn": "",
            "password_data": "",
            "placement_group": "",
            "placement_group_id": "",
            "placement_partition_number": 0,
            "primary_network_interface": [
              {
                "delete_on_termination": true,
                "network_interface_id": "eni-09bc1bfbd7a523368"
              }
            ],
            "primary_network_interface_id": "eni-09bc1bfbd7a523368",
            "private_dns": "ip-10-0-3-116.ec2.internal",
            "private_dns_name_options": [
              {
                "enable_resource_name_dns_a_record": false,
                "enable_resource_name_dns_aaaa_record": false,
                "hostname_type": "ip-name"
              }
            ],
            "private_ip": "10.0.3.116",
            "public_dns": "",
            "public_ip": "",
            "region": "us-east-1",
            "root_block_device": [
              {
                "delete_on_termination": true,
                "device_name": "/dev/xvda",
                "encrypted": false,
                "iops": 100,
                "kms_key_id": "",
                "tags": {},
                "tags_all": {},
                "throughput": 0,
                "volume_id": "vol-070a0892fe240786f",
                "volume_size": 8,
                "volume_type": "gp2"
              }
            ],
            "secondary_private_ips": [],
            "security_groups": [],
            "source_dest_check": true,
            "spot_instance_request_id": "",
            "subnet_id": "subnet-0a06f1b33c867156b",
            "tags": {
              "Name": "nginx3-private"
            },
            "tags_all": {
              "Name": "nginx3-private"
            },
            "tenancy": "default",
            "timeouts": null,
            "user_data": null,
            "user_data_base64": "IyEvYmluL2Jhc2gKeXVtIHVwZGF0ZSAteQphbWF6b24tbGludXgtZXh0cmFzIGVuYWJsZSBuZ2lueDEKeXVtIGluc3RhbGwgbmdpbnggLXkKZWNobyAiPGgxPkhlbGxvIGZyb20gTmdpbnggMyAtIFByaXZhdGUgSW5zdGFuY2U6ICQoaG9zdG5hbWUgLWkpPC9oMT4iID4gL3Vzci9zaGFyZS9uZ2lueC9odG1sL2luZGV4Lmh0bWwKc3lzdGVtY3RsIGVuYWJsZSBuZ2lueApzeXN0ZW1jdGwgc3RhcnQgbmdpbngK",
            "user_data_replace_on_change": false,
            "volume_tags": null,
            "vpc_security_group_ids": [
              "sg-02ff09e28f7340923"
            ]
          },
          "sensitive_attributes": [],
          "identity_schema_version": 0,
          "identity": {
            "account_id": "148712431636",
            "id": "i-0d81215049086da79",
            "region": "us-east-1"
          },
          "private": "eyJlMmJmYjczMC1lY2FhLTExZTYtOGY4OC0zNDM2M2JjN2M0YzAiOnsiY3JlYXRlIjo2MDAwMDAwMDAwMDAsImRlbGV0ZSI6MTIwMDAwMDAwMDAwMCwicmVhZCI6OTAwMDAwMDAwMDAwLCJ1cGRhdGUiOjYwMDAwMDAwMDAwMH0sInNjaGVtYV92ZXJzaW9uIjoiMiJ9",
          "dependencies": [
            "aws_key_pair.mykk",
            "aws_security_group.bastion_sg",
            "aws_security_group.clb_sg",
            "aws_security_group.lb_sg",
            "aws_security_group.private_sg",
            "aws_security_group.public_sg",
            "aws_subnet.private_a",
            "aws_vpc.main",
            "tls_private_key.mykk"
          ]
        }
      ]
    },
    {
      "mode": "managed",
      "type": "aws_instance",
      "name": "nginx4",
      "provider": "provider[\"registry.terraform.io/hashicorp/aws\"]",
      "instances": [
        {
          "schema_version": 2,
          "attributes": {
            "ami": "ami-0c02fb55956c7d316",
            "arn": "arn:aws:ec2:us-east-1:148712431636:instance/i-001865defff5f6384",
            "associate_public_ip_address": false,
            "availability_zone": "us-east-1b",
            "capacity_reservation_specification": [
              {
                "capacity_reservation_preference": "open",
                "capacity_reservation_target": []
              }
            ],
            "cpu_options": [
              {
                "amd_sev_snp": "",
                "core_count": 1,
                "threads_per_core": 2
              }
            ],
            "credit_specification": [
              {
                "cpu_credits": "unlimited"
              }
            ],
            "disable_api_stop": false,
            "disable_api_termination": false,
            "ebs_block_device": [],
            "ebs_optimized": false,
            "enable_primary_ipv6": null,
            "enclave_options": [
              {
                "enabled": false
              }
            ],
            "ephemeral_block_device": [],
            "force_destroy": false,
            "get_password_data": false,
            "hibernation": false,
            "host_id": "",
            "host_resource_group_arn": null,
            "iam_instance_profile": "",
            "id": "i-001865defff5f6384",
            "instance_initiated_shutdown_behavior": "stop",
            "instance_lifecycle": "",
            "instance_market_options": [],
            "instance_state": "running",
            "instance_type": "t3.small",
            "ipv6_address_count": 0,
            "ipv6_addresses": [],
            "key_name": "mykk",
            "launch_template": [],
            "maintenance_options": [
              {
                "auto_recovery": "default"
              }
            ],
            "metadata_options": [
              {
                "http_endpoint": "enabled",
                "http_protocol_ipv6": "disabled",
                "http_put_response_hop_limit": 1,
                "http_tokens": "optional",
                "instance_metadata_tags": "disabled"
              }
            ],
            "monitoring": false,
            "network_interface": [],
            "outpost_arn": "",
            "password_data": "",
            "placement_group": "",
            "placement_group_id": "",
            "placement_partition_number": 0,
            "primary_network_interface": [
              {
                "delete_on_termination": true,
                "network_interface_id": "eni-0ef7d387be864f38f"
              }
            ],
            "primary_network_interface_id": "eni-0ef7d387be864f38f",
            "private_dns": "ip-10-0-4-146.ec2.internal",
            "private_dns_name_options": [
              {
                "enable_resource_name_dns_a_record": false,
                "enable_resource_name_dns_aaaa_record": false,
                "hostname_type": "ip-name"
              }
            ],
            "private_ip": "10.0.4.146",
            "public_dns": "",
            "public_ip": "",
            "region": "us-east-1",
            "root_block_device": [
              {
                "delete_on_termination": true,
                "device_name": "/dev/xvda",
                "encrypted": false,
                "iops": 100,
                "kms_key_id": "",
                "tags": {},
                "tags_all": {},
                "throughput": 0,
                "volume_id": "vol-0bb5cacd770924c11",
                "volume_size": 8,
                "volume_type": "gp2"
              }
            ],
            "secondary_private_ips": [],
            "security_groups": [],
            "source_dest_check": true,
            "spot_instance_request_id": "",
            "subnet_id": "subnet-070f6ff2cd418b6bd",
            "tags": {
              "Name": "nginx4-private"
            },
            "tags_all": {
              "Name": "nginx4-private"
            },
            "tenancy": "default",
            "timeouts": null,
            "user_data": null,
            "user_data_base64": "IyEvYmluL2Jhc2gKeXVtIHVwZGF0ZSAteQphbWF6b24tbGludXgtZXh0cmFzIGVuYWJsZSBuZ2lueDEKeXVtIGluc3RhbGwgbmdpbnggLXkKZWNobyAiPGgxPkhlbGxvIGZyb20gTmdpbnggNCAtIFByaXZhdGUgSW5zdGFuY2U6ICQoaG9zdG5hbWUgLWkpPC9oMT4iID4gL3Vzci9zaGFyZS9uZ2lueC9odG1sL2luZGV4Lmh0bWwKc3lzdGVtY3RsIGVuYWJsZSBuZ2lueApzeXN0ZW1jdGwgc3RhcnQgbmdpbngK",
            "user_data_replace_on_change": false,
            "volume_tags": null,
            "vpc_security_group_ids": [
              "sg-02ff09e28f7340923"
            ]
          },
          "sensitive_attributes": [],
          "identity_schema_version": 0,
          "identity": {
            "account_id": "148712431636",
            "id": "i-001865defff5f6384",
            "region": "us-east-1"
          },
          "private": "eyJlMmJmYjczMC1lY2FhLTExZTYtOGY4OC0zNDM2M2JjN2M0YzAiOnsiY3JlYXRlIjo2MDAwMDAwMDAwMDAsImRlbGV0ZSI6MTIwMDAwMDAwMDAwMCwicmVhZCI6OTAwMDAwMDAwMDAwLCJ1cGRhdGUiOjYwMDAwMDAwMDAwMH0sInNjaGVtYV92ZXJzaW9uIjoiMiJ9",
          "dependencies": [
            "aws_key_pair.mykk",
            "aws_security_group.bastion_sg",
            "aws_security_group.clb_sg",
            "aws_security_group.lb_sg",
            "aws_security_group.private_sg",
            "aws_security_group.public_sg",
            "aws_subnet.private_b",
            "aws_vpc.main",
            "tls_private_key.mykk"
          ]
        }
      ]
    },
    {
      "mode": "managed",
      "type": "aws_internet_gateway",
      "name": "igw",
      "provider": "provider[\"registry.terraform.io/hashicorp/aws\"]",
      "instances": [
        {
          "schema_version": 0,
          "attributes": {
            "arn": "arn:aws:ec2:us-east-1:148712431636:internet-gateway/igw-08e067c32e677baf9",
            "id": "igw-08e067c32e677baf9",
            "owner_id": "148712431636",
            "region": "us-east-1",
            "tags": {
              "Name": "main-igw"
            },
            "tags_all": {
              "Name": "main-igw"
            },
            "timeouts": null,
            "vpc_id": "vpc-0c6ed6008a2daf611"
          },
          "sensitive_attributes": [],
          "identity_schema_version": 0,
          "private": "eyJlMmJmYjczMC1lY2FhLTExZTYtOGY4OC0zNDM2M2JjN2M0YzAiOnsiY3JlYXRlIjoxMjAwMDAwMDAwMDAwLCJkZWxldGUiOjEyMDAwMDAwMDAwMDAsInVwZGF0ZSI6MTIwMDAwMDAwMDAwMH19",
          "dependencies": [
            "aws_vpc.main"
          ]
        }
      ]
    },
    {
      "mode": "managed",
      "type": "aws_key_pair",
      "name": "mykk",
      "provider": "provider[\"registry.terraform.io/hashicorp/aws\"]",
      "instances": [
        {
          "schema_version": 1,
          "attributes": {
            "arn": "arn:aws:ec2:us-east-1:148712431636:key-pair/mykk",
            "fingerprint": "c4:2a:46:6b:f3:52:e5:92:eb:40:eb:4b:e1:4c:db:c5",
            "id": "mykk",
            "key_name": "mykk",
            "key_name_prefix": "",
            "key_pair_id": "key-0d2189e0bd837ddf0",
            "key_type": "rsa",
            "public_key": "ssh-rsa AAAAB3NzaC1yc2EAAAADAQABAAACAQC3ZIJ1J6n8UkJR8vV1sagWcFMVidOyN77XBnWWCqfTM/z+MgLbKbG2BPT80AWS0OxV/SjyBCyq2kYhg/Jxp2OrqaTDg6FwDnBdl1h8BgqaZ9THGjsQKr8/P64y6rzxL3JJBXGxJ30tukYar8lSp0ObaQgw5C5OMUKfVxpe9ZLoDZ6o8veVS93LApY1GJ14aI0QzdctgDhtK1q+piTkQxA1dxuylXjUPFs7q6mtB8C1BniEljFZGrloh9lSA3IDOwtjV/2dtVbto5I2lNMQKwfvNCoQ5mL0wCbLmCZPq2i5rgg8/sb9ujo0Y8sbB3NVbzDaKmqf9Vjo/gjK4KUkdCfF/qBe8pYnjBtYrCcxtYyEbuL6FbUKMAKB5aEpWdjjGNstEzKrNdbLpBs5XsL+HDTcj/LeTVLVpNAIePOEdcN5UjuuZYZvZOP+y7djTlnxxisp67twqXFm9S1nXt0hSxuVrjIZKMtHVXBFfSuqbNWZwZ++HjAAJ/XW0Vh6sq6Unw4T+cvXb5CGoiGCwE+hPkGUqE1mfxVAQ/7neApIpNjIJobw20BuSmKBcRF5ATz4MO5dK5psdOLd5eZYbmKIRIirvf2iPR2yVE7W1pqXX5Yns5phXNn9+LUYNmMsThKKB6NqIeAe0jWGyMlIL8QJGCbuVsZoU/I8McmNMsjEs/WVyQ==",
            "region": "us-east-1",
            "tags": null,
            "tags_all": {}
          },
          "sensitive_attributes": [],
          "identity_schema_version": 0,
          "private": "eyJzY2hlbWFfdmVyc2lvbiI6IjEifQ==",
          "dependencies": [
            "tls_private_key.mykk"
          ]
        }
      ]
    },
    {
      "mode": "managed",
      "type": "aws_lb",
      "name": "internal",
      "provider": "provider[\"registry.terraform.io/hashicorp/aws\"]",
      "instances": [
        {
          "schema_version": 0,
          "attributes": {
            "access_logs": [
              {
                "bucket": "",
                "enabled": false,
                "prefix": ""
              }
            ],
            "arn": "arn:aws:elasticloadbalancing:us-east-1:148712431636:loadbalancer/app/my-internal-alb/0e5643d46a442736",
            "arn_suffix": "app/my-internal-alb/0e5643d46a442736",
            "client_keep_alive": 3600,
            "connection_logs": [
              {
                "bucket": "",
                "enabled": false,
                "prefix": ""
              }
            ],
            "customer_owned_ipv4_pool": "",
            "desync_mitigation_mode": "defensive",
            "dns_name": "internal-my-internal-alb-844973602.us-east-1.elb.amazonaws.com",
            "dns_record_client_routing_policy": null,
            "drop_invalid_header_fields": false,
            "enable_cross_zone_load_balancing": true,
            "enable_deletion_protection": false,
            "enable_http2": true,
            "enable_tls_version_and_cipher_suite_headers": false,
            "enable_waf_fail_open": false,
            "enable_xff_client_port": false,
            "enable_zonal_shift": false,
            "enforce_security_group_inbound_rules_on_private_link_traffic": "",
            "id": "arn:aws:elasticloadbalancing:us-east-1:148712431636:loadbalancer/app/my-internal-alb/0e5643d46a442736",
            "idle_timeout": 60,
            "internal": true,
            "ip_address_type": "ipv4",
            "ipam_pools": [],
            "load_balancer_type": "application",
            "minimum_load_balancer_capacity": [],
            "name": "my-internal-alb",
            "name_prefix": "",
            "preserve_host_header": false,
            "region": "us-east-1",
            "secondary_ips_auto_assigned_per_subnet": null,
            "security_groups": [
              "sg-01bfcdde3de435c86"
            ],
            "subnet_mapping": [
              {
                "allocation_id": "",
                "ipv6_address": "",
                "outpost_id": "",
                "private_ipv4_address": "",
                "subnet_id": "subnet-070f6ff2cd418b6bd"
              },
              {
                "allocation_id": "",
                "ipv6_address": "",
                "outpost_id": "",
                "private_ipv4_address": "",
                "subnet_id": "subnet-0a06f1b33c867156b"
              }
            ],
            "subnets": [
              "subnet-070f6ff2cd418b6bd",
              "subnet-0a06f1b33c867156b"
            ],
            "tags": {
              "Name": "Internal-ALB"
            },
            "tags_all": {
              "Name": "Internal-ALB"
            },
            "timeouts": null,
            "vpc_id": "vpc-0c6ed6008a2daf611",
            "xff_header_processing_mode": "append",
            "zone_id": "Z35SXDOTRQ7X7K"
          },
          "sensitive_attributes": [],
          "identity_schema_version": 0,
          "identity": {
            "arn": "arn:aws:elasticloadbalancing:us-east-1:148712431636:loadbalancer/app/my-internal-alb/0e5643d46a442736"
          },
          "private": "eyJlMmJmYjczMC1lY2FhLTExZTYtOGY4OC0zNDM2M2JjN2M0YzAiOnsiY3JlYXRlIjo2MDAwMDAwMDAwMDAsImRlbGV0ZSI6NjAwMDAwMDAwMDAwLCJ1cGRhdGUiOjYwMDAwMDAwMDAwMH19",
          "dependencies": [
            "aws_security_group.clb_sg",
            "aws_security_group.lb_sg",
            "aws_security_group.public_sg",
            "aws_subnet.private_a",
            "aws_subnet.private_b",
            "aws_vpc.main"
          ]
        }
      ]
    },
    {
      "mode": "managed",
      "type": "aws_lb_listener",
      "name": "http",
      "provider": "provider[\"registry.terraform.io/hashicorp/aws\"]",
      "instances": [
        {
          "schema_version": 0,
          "attributes": {
            "alpn_policy": null,
            "arn": "arn:aws:elasticloadbalancing:us-east-1:148712431636:listener/app/my-internal-alb/0e5643d46a442736/52b29569b0de71e6",
            "certificate_arn": null,
            "default_action": [
              {
                "authenticate_cognito": [],
                "authenticate_oidc": [],
                "fixed_response": [],
                "forward": [],
                "jwt_validation": [],
                "order": 1,
                "redirect": [],
                "target_group_arn": "arn:aws:elasticloadbalancing:us-east-1:148712431636:targetgroup/private-tg/89d7393e4cb935f7",
                "type": "forward"
              }
            ],
            "id": "arn:aws:elasticloadbalancing:us-east-1:148712431636:listener/app/my-internal-alb/0e5643d46a442736/52b29569b0de71e6",
            "load_balancer_arn": "arn:aws:elasticloadbalancing:us-east-1:148712431636:loadbalancer/app/my-internal-alb/0e5643d46a442736",
            "mutual_authentication": [],
            "port": 80,
            "protocol": "HTTP",
            "region": "us-east-1",
            "routing_http_request_x_amzn_mtls_clientcert_header_name": null,
            "routing_http_request_x_amzn_mtls_clientcert_issuer_header_name": null,
            "routing_http_request_x_amzn_mtls_clientcert_leaf_header_name": null,
            "routing_http_request_x_amzn_mtls_clientcert_serial_number_header_name": null,
            "routing_http_request_x_amzn_mtls_clientcert_subject_header_name": null,
            "routing_http_request_x_amzn_mtls_clientcert_validity_header_name": null,
            "routing_http_request_x_amzn_tls_cipher_suite_header_name": null,
            "routing_http_request_x_amzn_tls_version_header_name": null,
            "routing_http_response_access_control_allow_credentials_header_value": "",
            "routing_http_response_access_control_allow_headers_header_value": "",
            "routing_http_response_access_control_allow_methods_header_value": "",
            "routing_http_response_access_control_allow_origin_header_value": "",
            "routing_http_response_access_control_expose_headers_header_value": "",
            "routing_http_response_access_control_max_age_header_value": "",
            "routing_http_response_content_security_policy_header_value": "",
            "routing_http_response_server_enabled": true,
            "routing_http_response_strict_transport_security_header_value": "",
            "routing_http_response_x_content_type_options_header_value": "",
            "routing_http_response_x_frame_options_header_value": "",
            "ssl_policy": "",
            "tags": null,
            "tags_all": {},
            "tcp_idle_timeout_seconds": null,
            "timeouts": null
          },
          "sensitive_attributes": [],
          "identity_schema_version": 0,
          "identity": {
            "arn": "arn:aws:elasticloadbalancing:us-east-1:148712431636:listener/app/my-internal-alb/0e5643d46a442736/52b29569b0de71e6"
          },
          "private": "eyJlMmJmYjczMC1lY2FhLTExZTYtOGY4OC0zNDM2M2JjN2M0YzAiOnsiY3JlYXRlIjozMDAwMDAwMDAwMDAsInVwZGF0ZSI6MzAwMDAwMDAwMDAwfX0=",
          "dependencies": [
            "aws_lb.internal",
            "aws_lb_target_group.private_tg",
            "aws_security_group.clb_sg",
            "aws_security_group.lb_sg",
            "aws_security_group.public_sg",
            "aws_subnet.private_a",
            "aws_subnet.private_b",
            "aws_vpc.main"
          ]
        }
      ]
    },
    {
      "mode": "managed",
      "type": "aws_lb_target_group",
      "name": "private_tg",
      "provider": "provider[\"registry.terraform.io/hashicorp/aws\"]",
      "instances": [
        {
          "schema_version": 0,
          "attributes": {
            "arn": "arn:aws:elasticloadbalancing:us-east-1:148712431636:targetgroup/private-tg/89d7393e4cb935f7",
            "arn_suffix": "targetgroup/private-tg/89d7393e4cb935f7",
            "connection_termination": null,
            "deregistration_delay": "300",
            "health_check": [
              {
                "enabled": true,
                "healthy_threshold": 2,
                "interval": 30,
                "matcher": "200",
                "path": "/",
                "port": "traffic-port",
                "protocol": "HTTP",
                "timeout": 5,
                "unhealthy_threshold": 2
              }
            ],
            "id": "arn:aws:elasticloadbalancing:us-east-1:148712431636:targetgroup/private-tg/89d7393e4cb935f7",
            "ip_address_type": "ipv4",
            "lambda_multi_value_headers_enabled": false,
            "load_balancer_arns": [],
            "load_balancing_algorithm_type": "round_robin",
            "load_balancing_anomaly_mitigation": "off",
            "load_balancing_cross_zone_enabled": "use_load_balancer_configuration",
            "name": "private-tg",
            "name_prefix": "",
            "port": 80,
            "preserve_client_ip": null,
            "protocol": "HTTP",
            "protocol_version": "HTTP1",
            "proxy_protocol_v2": false,
            "region": "us-east-1",
            "slow_start": 0,
            "stickiness": [
              {
                "cookie_duration": 86400,
                "cookie_name": "",
                "enabled": false,
                "type": "lb_cookie"
              }
            ],
            "tags": null,
            "tags_all": {},
            "target_failover": [
              {
                "on_deregistration": null,
                "on_unhealthy": null
              }
            ],
            "target_group_health": [
              {
                "dns_failover": [
                  {
                    "minimum_healthy_targets_count": "1",
                    "minimum_healthy_targets_percentage": "off"
                  }
                ],
                "unhealthy_state_routing": [
                  {
                    "minimum_healthy_targets_count": 1,
                    "minimum_healthy_targets_percentage": "off"
                  }
                ]
              }
            ],
            "target_health_state": [
              {
                "enable_unhealthy_connection_termination": null,
                "unhealthy_draining_interval": null
              }
            ],
            "target_type": "instance",
            "vpc_id": "vpc-0c6ed6008a2daf611"
          },
          "sensitive_attributes": [],
          "identity_schema_version": 0,
          "identity": {
            "arn": "arn:aws:elasticloadbalancing:us-east-1:148712431636:targetgroup/private-tg/89d7393e4cb935f7"
          },
          "private": "bnVsbA==",
          "dependencies": [
            "aws_vpc.main"
          ]
        }
      ]
    },
    {
      "mode": "managed",
      "type": "aws_lb_target_group_attachment",
      "name": "nginx3_attach",
      "provider": "provider[\"registry.terraform.io/hashicorp/aws\"]",
      "instances": [
        {
          "schema_version": 0,
          "attributes": {
            "availability_zone": null,
            "id": "arn:aws:elasticloadbalancing:us-east-1:148712431636:targetgroup/private-tg/89d7393e4cb935f7-20251125235303638100000007",
            "port": 80,
            "region": "us-east-1",
            "target_group_arn": "arn:aws:elasticloadbalancing:us-east-1:148712431636:targetgroup/private-tg/89d7393e4cb935f7",
            "target_id": "i-0d81215049086da79"
          },
          "sensitive_attributes": [],
          "identity_schema_version": 0,
          "private": "bnVsbA==",
          "dependencies": [
            "aws_instance.nginx3",
            "aws_key_pair.mykk",
            "aws_lb_target_group.private_tg",
            "aws_security_group.bastion_sg",
            "aws_security_group.clb_sg",
            "aws_security_group.lb_sg",
            "aws_security_group.private_sg",
            "aws_security_group.public_sg",
            "aws_subnet.private_a",
            "aws_vpc.main",
            "tls_private_key.mykk"
          ]
        }
      ]
    },
    {
      "mode": "managed",
      "type": "aws_lb_target_group_attachment",
      "name": "nginx4_attach",
      "provider": "provider[\"registry.terraform.io/hashicorp/aws\"]",
      "instances": [
        {
          "schema_version": 0,
          "attributes": {
            "availability_zone": null,
            "id": "arn:aws:elasticloadbalancing:us-east-1:148712431636:targetgroup/private-tg/89d7393e4cb935f7-20251125235303946000000008",
            "port": 80,
            "region": "us-east-1",
            "target_group_arn": "arn:aws:elasticloadbalancing:us-east-1:148712431636:targetgroup/private-tg/89d7393e4cb935f7",
            "target_id": "i-001865defff5f6384"
          },
          "sensitive_attributes": [],
          "identity_schema_version": 0,
          "private": "bnVsbA==",
          "dependencies": [
            "aws_instance.nginx4",
            "aws_key_pair.mykk",
            "aws_lb_target_group.private_tg",
            "aws_security_group.bastion_sg",
            "aws_security_group.clb_sg",
            "aws_security_group.lb_sg",
            "aws_security_group.private_sg",
            "aws_security_group.public_sg",
            "aws_subnet.private_b",
            "aws_vpc.main",
            "tls_private_key.mykk"
          ]
        }
      ]
    },
    {
      "mode": "managed",
      "type": "aws_nat_gateway",
      "name": "nat",
      "provider": "provider[\"registry.terraform.io/hashicorp/aws\"]",
      "instances": [
        {
          "schema_version": 0,
          "attributes": {
            "allocation_id": "eipalloc-0ddb9729b64514093",
            "association_id": "eipassoc-02e6614173c9d53b5",
            "connectivity_type": "public",
            "id": "nat-05ed478325724cedb",
            "network_interface_id": "eni-05159fae36341a614",
            "private_ip": "10.0.1.211",
            "public_ip": "34.200.178.173",
            "region": "us-east-1",
            "secondary_allocation_ids": [],
            "secondary_private_ip_address_count": 0,
            "secondary_private_ip_addresses": [],
            "subnet_id": "subnet-02375f4cb5f9f8dc4",
            "tags": {
              "Name": "main-nat"
            },
            "tags_all": {
              "Name": "main-nat"
            },
            "timeouts": null
          },
          "sensitive_attributes": [],
          "identity_schema_version": 0,
          "private": "eyJlMmJmYjczMC1lY2FhLTExZTYtOGY4OC0zNDM2M2JjN2M0YzAiOnsiY3JlYXRlIjo2MDAwMDAwMDAwMDAsImRlbGV0ZSI6MTgwMDAwMDAwMDAwMCwidXBkYXRlIjo2MDAwMDAwMDAwMDB9fQ==",
          "dependencies": [
            "aws_eip.nat",
            "aws_internet_gateway.igw",
            "aws_subnet.public_a",
            "aws_vpc.main"
          ]
        }
      ]
    },
    {
      "mode": "managed",
      "type": "aws_route",
      "name": "private_nat_route",
      "provider": "provider[\"registry.terraform.io/hashicorp/aws\"]",
      "instances": [
        {
          "schema_version": 0,
          "attributes": {
            "carrier_gateway_id": "",
            "core_network_arn": "",
            "destination_cidr_block": "0.0.0.0/0",
            "destination_ipv6_cidr_block": "",
            "destination_prefix_list_id": "",
            "egress_only_gateway_id": "",
            "gateway_id": "",
            "id": "r-rtb-0e23ec7e90ead131b1080289494",
            "instance_id": "",
            "instance_owner_id": "",
            "local_gateway_id": "",
            "nat_gateway_id": "nat-05ed478325724cedb",
            "network_interface_id": "",
            "origin": "CreateRoute",
            "region": "us-east-1",
            "route_table_id": "rtb-0e23ec7e90ead131b",
            "state": "active",
            "timeouts": null,
            "transit_gateway_id": "",
            "vpc_endpoint_id": "",
            "vpc_peering_connection_id": ""
          },
          "sensitive_attributes": [],
          "identity_schema_version": 0,
          "identity": {
            "account_id": "148712431636",
            "destination_cidr_block": "0.0.0.0/0",
            "destination_ipv6_cidr_block": null,
            "destination_prefix_list_id": null,
            "region": "us-east-1",
            "route_table_id": "rtb-0e23ec7e90ead131b"
          },
          "private": "eyJlMmJmYjczMC1lY2FhLTExZTYtOGY4OC0zNDM2M2JjN2M0YzAiOnsiY3JlYXRlIjozMDAwMDAwMDAwMDAsImRlbGV0ZSI6MzAwMDAwMDAwMDAwLCJ1cGRhdGUiOjEyMDAwMDAwMDAwMH19",
          "dependencies": [
            "aws_eip.nat",
            "aws_internet_gateway.igw",
            "aws_nat_gateway.nat",
            "aws_route_table.private",
            "aws_subnet.public_a",
            "aws_vpc.main"
          ]
        }
      ]
    },
    {
      "mode": "managed",
      "type": "aws_route",
      "name": "public_internet_access",
      "provider": "provider[\"registry.terraform.io/hashicorp/aws\"]",
      "instances": [
        {
          "schema_version": 0,
          "attributes": {
            "carrier_gateway_id": "",
            "core_network_arn": "",
            "destination_cidr_block": "0.0.0.0/0",
            "destination_ipv6_cidr_block": "",
            "destination_prefix_list_id": "",
            "egress_only_gateway_id": "",
            "gateway_id": "igw-08e067c32e677baf9",
            "id": "r-rtb-04a62b133e7d184b31080289494",
            "instance_id": "",
            "instance_owner_id": "",
            "local_gateway_id": "",
            "nat_gateway_id": "",
            "network_interface_id": "",
            "origin": "CreateRoute",
            "region": "us-east-1",
            "route_table_id": "rtb-04a62b133e7d184b3",
            "state": "active",
            "timeouts": null,
            "transit_gateway_id": "",
            "vpc_endpoint_id": "",
            "vpc_peering_connection_id": ""
          },
          "sensitive_attributes": [],
          "identity_schema_version": 0,
          "identity": {
            "account_id": "148712431636",
            "destination_cidr_block": "0.0.0.0/0",
            "destination_ipv6_cidr_block": null,
            "destination_prefix_list_id": null,
            "region": "us-east-1",
            "route_table_id": "rtb-04a62b133e7d184b3"
          },
          "private": "eyJlMmJmYjczMC1lY2FhLTExZTYtOGY4OC0zNDM2M2JjN2M0YzAiOnsiY3JlYXRlIjozMDAwMDAwMDAwMDAsImRlbGV0ZSI6MzAwMDAwMDAwMDAwLCJ1cGRhdGUiOjEyMDAwMDAwMDAwMH19",
          "dependencies": [
            "aws_internet_gateway.igw",
            "aws_route_table.public",
            "aws_vpc.main"
          ]
        }
      ]
    },
    {
      "mode": "managed",
      "type": "aws_route_table",
      "name": "private",
      "provider": "provider[\"registry.terraform.io/hashicorp/aws\"]",
      "instances": [
        {
          "schema_version": 0,
          "attributes": {
            "arn": "arn:aws:ec2:us-east-1:148712431636:route-table/rtb-0e23ec7e90ead131b",
            "id": "rtb-0e23ec7e90ead131b",
            "owner_id": "148712431636",
            "propagating_vgws": [],
            "region": "us-east-1",
            "route": [],
            "tags": {
              "Name": "private-rt"
            },
            "tags_all": {
              "Name": "private-rt"
            },
            "timeouts": null,
            "vpc_id": "vpc-0c6ed6008a2daf611"
          },
          "sensitive_attributes": [],
          "identity_schema_version": 0,
          "identity": {
            "account_id": "148712431636",
            "id": "rtb-0e23ec7e90ead131b",
            "region": "us-east-1"
          },
          "private": "eyJlMmJmYjczMC1lY2FhLTExZTYtOGY4OC0zNDM2M2JjN2M0YzAiOnsiY3JlYXRlIjozMDAwMDAwMDAwMDAsImRlbGV0ZSI6MzAwMDAwMDAwMDAwLCJ1cGRhdGUiOjEyMDAwMDAwMDAwMH19",
          "dependencies": [
            "aws_vpc.main"
          ]
        }
      ]
    },
    {
      "mode": "managed",
      "type": "aws_route_table",
      "name": "public",
      "provider": "provider[\"registry.terraform.io/hashicorp/aws\"]",
      "instances": [
        {
          "schema_version": 0,
          "attributes": {
            "arn": "arn:aws:ec2:us-east-1:148712431636:route-table/rtb-04a62b133e7d184b3",
            "id": "rtb-04a62b133e7d184b3",
            "owner_id": "148712431636",
            "propagating_vgws": [],
            "region": "us-east-1",
            "route": [],
            "tags": {
              "Name": "public-rt"
            },
            "tags_all": {
              "Name": "public-rt"
            },
            "timeouts": null,
            "vpc_id": "vpc-0c6ed6008a2daf611"
          },
          "sensitive_attributes": [],
          "identity_schema_version": 0,
          "identity": {
            "account_id": "148712431636",
            "id": "rtb-04a62b133e7d184b3",
            "region": "us-east-1"
          },
          "private": "eyJlMmJmYjczMC1lY2FhLTExZTYtOGY4OC0zNDM2M2JjN2M0YzAiOnsiY3JlYXRlIjozMDAwMDAwMDAwMDAsImRlbGV0ZSI6MzAwMDAwMDAwMDAwLCJ1cGRhdGUiOjEyMDAwMDAwMDAwMH19",
          "dependencies": [
            "aws_vpc.main"
          ]
        }
      ]
    },
    {
      "mode": "managed",
      "type": "aws_route_table_association",
      "name": "private_a",
      "provider": "provider[\"registry.terraform.io/hashicorp/aws\"]",
      "instances": [
        {
          "schema_version": 0,
          "attributes": {
            "gateway_id": "",
            "id": "rtbassoc-00ed4205202258445",
            "region": "us-east-1",
            "route_table_id": "rtb-0e23ec7e90ead131b",
            "subnet_id": "subnet-0a06f1b33c867156b",
            "timeouts": null
          },
          "sensitive_attributes": [],
          "identity_schema_version": 0,
          "private": "eyJlMmJmYjczMC1lY2FhLTExZTYtOGY4OC0zNDM2M2JjN2M0YzAiOnsiY3JlYXRlIjozMDAwMDAwMDAwMDAsImRlbGV0ZSI6MzAwMDAwMDAwMDAwLCJ1cGRhdGUiOjEyMDAwMDAwMDAwMH19",
          "dependencies": [
            "aws_route_table.private",
            "aws_subnet.private_a",
            "aws_vpc.main"
          ]
        }
      ]
    },
    {
      "mode": "managed",
      "type": "aws_route_table_association",
      "name": "private_b",
      "provider": "provider[\"registry.terraform.io/hashicorp/aws\"]",
      "instances": [
        {
          "schema_version": 0,
          "attributes": {
            "gateway_id": "",
            "id": "rtbassoc-00d10f4b4dce80bc9",
            "region": "us-east-1",
            "route_table_id": "rtb-0e23ec7e90ead131b",
            "subnet_id": "subnet-070f6ff2cd418b6bd",
            "timeouts": null
          },
          "sensitive_attributes": [],
          "identity_schema_version": 0,
          "private": "eyJlMmJmYjczMC1lY2FhLTExZTYtOGY4OC0zNDM2M2JjN2M0YzAiOnsiY3JlYXRlIjozMDAwMDAwMDAwMDAsImRlbGV0ZSI6MzAwMDAwMDAwMDAwLCJ1cGRhdGUiOjEyMDAwMDAwMDAwMH19",
          "dependencies": [
            "aws_route_table.private",
            "aws_subnet.private_b",
            "aws_vpc.main"
          ]
        }
      ]
    },
    {
      "mode": "managed",
      "type": "aws_route_table_association",
      "name": "public_a",
      "provider": "provider[\"registry.terraform.io/hashicorp/aws\"]",
      "instances": [
        {
          "schema_version": 0,
          "attributes": {
            "gateway_id": "",
            "id": "rtbassoc-0f0693a2b829108df",
            "region": "us-east-1",
            "route_table_id": "rtb-04a62b133e7d184b3",
            "subnet_id": "subnet-02375f4cb5f9f8dc4",
            "timeouts": null
          },
          "sensitive_attributes": [],
          "identity_schema_version": 0,
          "private": "eyJlMmJmYjczMC1lY2FhLTExZTYtOGY4OC0zNDM2M2JjN2M0YzAiOnsiY3JlYXRlIjozMDAwMDAwMDAwMDAsImRlbGV0ZSI6MzAwMDAwMDAwMDAwLCJ1cGRhdGUiOjEyMDAwMDAwMDAwMH19",
          "dependencies": [
            "aws_route_table.public",
            "aws_subnet.public_a",
            "aws_vpc.main"
          ]
        }
      ]
    },
    {
      "mode": "managed",
      "type": "aws_route_table_association",
      "name": "public_b",
      "provider": "provider[\"registry.terraform.io/hashicorp/aws\"]",
      "instances": [
        {
          "schema_version": 0,
          "attributes": {
            "gateway_id": "",
            "id": "rtbassoc-05aecfda04d048996",
            "region": "us-east-1",
            "route_table_id": "rtb-04a62b133e7d184b3",
            "subnet_id": "subnet-03cbcc887fe67c5c1",
            "timeouts": null
          },
          "sensitive_attributes": [],
          "identity_schema_version": 0,
          "private": "eyJlMmJmYjczMC1lY2FhLTExZTYtOGY4OC0zNDM2M2JjN2M0YzAiOnsiY3JlYXRlIjozMDAwMDAwMDAwMDAsImRlbGV0ZSI6MzAwMDAwMDAwMDAwLCJ1cGRhdGUiOjEyMDAwMDAwMDAwMH19",
          "dependencies": [
            "aws_route_table.public",
            "aws_subnet.public_b",
            "aws_vpc.main"
          ]
        }
      ]
    },
    {
      "mode": "managed",
      "type": "aws_security_group",
      "name": "bastion_sg",
      "provider": "provider[\"registry.terraform.io/hashicorp/aws\"]",
      "instances": [
        {
          "schema_version": 1,
          "attributes": {
            "arn": "arn:aws:ec2:us-east-1:148712431636:security-group/sg-0a0793113f65ddd4f",
            "description": "Allow SSH to Bastion Host",
            "egress": [
              {
                "cidr_blocks": [
                  "0.0.0.0/0"
                ],
                "description": "",
                "from_port": 0,
                "ipv6_cidr_blocks": [],
                "prefix_list_ids": [],
                "protocol": "-1",
                "security_groups": [],
                "self": false,
                "to_port": 0
              }
            ],
            "id": "sg-0a0793113f65ddd4f",
            "ingress": [
              {
                "cidr_blocks": [
                  "0.0.0.0/0"
                ],
                "description": "SSH from Internet",
                "from_port": 22,
                "ipv6_cidr_blocks": [],
                "prefix_list_ids": [],
                "protocol": "tcp",
                "security_groups": [],
                "self": false,
                "to_port": 22
              }
            ],
            "name": "bastion-sg",
            "name_prefix": "",
            "owner_id": "148712431636",
            "region": "us-east-1",
            "revoke_rules_on_delete": false,
            "tags": {
              "Name": "Bastion-SG"
            },
            "tags_all": {
              "Name": "Bastion-SG"
            },
            "timeouts": null,
            "vpc_id": "vpc-0c6ed6008a2daf611"
          },
          "sensitive_attributes": [],
          "identity_schema_version": 0,
          "identity": {
            "account_id": "148712431636",
            "id": "sg-0a0793113f65ddd4f",
            "region": "us-east-1"
          },
          "private": "eyJlMmJmYjczMC1lY2FhLTExZTYtOGY4OC0zNDM2M2JjN2M0YzAiOnsiY3JlYXRlIjo2MDAwMDAwMDAwMDAsImRlbGV0ZSI6OTAwMDAwMDAwMDAwfSwic2NoZW1hX3ZlcnNpb24iOiIxIn0=",
          "dependencies": [
            "aws_vpc.main"
          ]
        }
      ]
    },
    {
      "mode": "managed",
      "type": "aws_security_group",
      "name": "clb_sg",
      "provider": "provider[\"registry.terraform.io/hashicorp/aws\"]",
      "instances": [
        {
          "schema_version": 1,
          "attributes": {
            "arn": "arn:aws:ec2:us-east-1:148712431636:security-group/sg-004d1f1e9598cc380",
            "description": "Allow HTTP access to CLB",
            "egress": [
              {
                "cidr_blocks": [
                  "0.0.0.0/0"
                ],
                "description": "",
                "from_port": 0,
                "ipv6_cidr_blocks": [],
                "prefix_list_ids": [],
                "protocol": "-1",
                "security_groups": [],
                "self": false,
                "to_port": 0
              }
            ],
            "id": "sg-004d1f1e9598cc380",
            "ingress": [
              {
                "cidr_blocks": [
                  "0.0.0.0/0"
                ],
                "description": "",
                "from_port": 80,
                "ipv6_cidr_blocks": [],
                "prefix_list_ids": [],
                "protocol": "tcp",
                "security_groups": [],
                "self": false,
                "to_port": 80
              }
            ],
            "name": "clb-sg",
            "name_prefix": "",
            "owner_id": "148712431636",
            "region": "us-east-1",
            "revoke_rules_on_delete": false,
            "tags": {
              "Name": "CLB-Web-Access-SG"
            },
            "tags_all": {
              "Name": "CLB-Web-Access-SG"
            },
            "timeouts": null,
            "vpc_id": "vpc-0c6ed6008a2daf611"
          },
          "sensitive_attributes": [],
          "identity_schema_version": 0,
          "identity": {
            "account_id": "148712431636",
            "id": "sg-004d1f1e9598cc380",
            "region": "us-east-1"
          },
          "private": "eyJlMmJmYjczMC1lY2FhLTExZTYtOGY4OC0zNDM2M2JjN2M0YzAiOnsiY3JlYXRlIjo2MDAwMDAwMDAwMDAsImRlbGV0ZSI6OTAwMDAwMDAwMDAwfSwic2NoZW1hX3ZlcnNpb24iOiIxIn0=",
          "dependencies": [
            "aws_vpc.main"
          ]
        }
      ]
    },
    {
      "mode": "managed",
      "type": "aws_security_group",
      "name": "lb_sg",
      "provider": "provider[\"registry.terraform.io/hashicorp/aws\"]",
      "instances": [
        {
          "schema_version": 1,
          "attributes": {
            "arn": "arn:aws:ec2:us-east-1:148712431636:security-group/sg-01bfcdde3de435c86",
            "description": "Allow traffic from public-sg instances",
            "egress": [
              {
                "cidr_blocks": [
                  "0.0.0.0/0"
                ],
                "description": "",
                "from_port": 0,
                "ipv6_cidr_blocks": [],
                "prefix_list_ids": [],
                "protocol": "-1",
                "security_groups": [],
                "self": false,
                "to_port": 0
              }
            ],
            "id": "sg-01bfcdde3de435c86",
            "ingress": [
              {
                "cidr_blocks": [],
                "description": "HTTP from public-sg",
                "from_port": 80,
                "ipv6_cidr_blocks": [],
                "prefix_list_ids": [],
                "protocol": "tcp",
                "security_groups": [
                  "sg-081581c3109258fcf"
                ],
                "self": false,
                "to_port": 80
              }
            ],
            "name": "internal-lb-sg",
            "name_prefix": "",
            "owner_id": "148712431636",
            "region": "us-east-1",
            "revoke_rules_on_delete": false,
            "tags": {
              "Name": "internal-lb-sg"
            },
            "tags_all": {
              "Name": "internal-lb-sg"
            },
            "timeouts": null,
            "vpc_id": "vpc-0c6ed6008a2daf611"
          },
          "sensitive_attributes": [],
          "identity_schema_version": 0,
          "identity": {
            "account_id": "148712431636",
            "id": "sg-01bfcdde3de435c86",
            "region": "us-east-1"
          },
          "private": "eyJlMmJmYjczMC1lY2FhLTExZTYtOGY4OC0zNDM2M2JjN2M0YzAiOnsiY3JlYXRlIjo2MDAwMDAwMDAwMDAsImRlbGV0ZSI6OTAwMDAwMDAwMDAwfSwic2NoZW1hX3ZlcnNpb24iOiIxIn0=",
          "dependencies": [
            "aws_security_group.clb_sg",
            "aws_security_group.public_sg",
            "aws_vpc.main"
          ]
        }
      ]
    },
    {
      "mode": "managed",
      "type": "aws_security_group",
      "name": "private_sg",
      "provider": "provider[\"registry.terraform.io/hashicorp/aws\"]",
      "instances": [
        {
          "schema_version": 1,
          "attributes": {
            "arn": "arn:aws:ec2:us-east-1:148712431636:security-group/sg-02ff09e28f7340923",
            "description": "Allow SSH from Bastion and HTTP from Internal ALB",
            "egress": [
              {
                "cidr_blocks": [
                  "0.0.0.0/0"
                ],
                "description": "",
                "from_port": 0,
                "ipv6_cidr_blocks": [],
                "prefix_list_ids": [],
                "protocol": "-1",
                "security_groups": [],
                "self": false,
                "to_port": 0
              }
            ],
            "id": "sg-02ff09e28f7340923",
            "ingress": [
              {
                "cidr_blocks": [],
                "description": "HTTP from Internal ALB",
                "from_port": 80,
                "ipv6_cidr_blocks": [],
                "prefix_list_ids": [],
                "protocol": "tcp",
                "security_groups": [
                  "sg-01bfcdde3de435c86"
                ],
                "self": false,
                "to_port": 80
              },
              {
                "cidr_blocks": [],
                "description": "SSH from Bastion",
                "from_port": 22,
                "ipv6_cidr_blocks": [],
                "prefix_list_ids": [],
                "protocol": "tcp",
                "security_groups": [
                  "sg-0a0793113f65ddd4f"
                ],
                "self": false,
                "to_port": 22
              }
            ],
            "name": "private-sg",
            "name_prefix": "",
            "owner_id": "148712431636",
            "region": "us-east-1",
            "revoke_rules_on_delete": false,
            "tags": {
              "Name": "private-sg"
            },
            "tags_all": {
              "Name": "private-sg"
            },
            "timeouts": null,
            "vpc_id": "vpc-0c6ed6008a2daf611"
          },
          "sensitive_attributes": [],
          "identity_schema_version": 0,
          "identity": {
            "account_id": "148712431636",
            "id": "sg-02ff09e28f7340923",
            "region": "us-east-1"
          },
          "private": "eyJlMmJmYjczMC1lY2FhLTExZTYtOGY4OC0zNDM2M2JjN2M0YzAiOnsiY3JlYXRlIjo2MDAwMDAwMDAwMDAsImRlbGV0ZSI6OTAwMDAwMDAwMDAwfSwic2NoZW1hX3ZlcnNpb24iOiIxIn0=",
          "dependencies": [
            "aws_security_group.bastion_sg",
            "aws_security_group.clb_sg",
            "aws_security_group.lb_sg",
            "aws_security_group.public_sg",
            "aws_vpc.main"
          ]
        }
      ]
    },
    {
      "mode": "managed",
      "type": "aws_security_group",
      "name": "public_sg",
      "provider": "provider[\"registry.terraform.io/hashicorp/aws\"]",
      "instances": [
        {
          "schema_version": 1,
          "attributes": {
            "arn": "arn:aws:ec2:us-east-1:148712431636:security-group/sg-081581c3109258fcf",
            "description": "Allow SSH, HTTP, and CLB Health Checks",
            "egress": [
              {
                "cidr_blocks": [
                  "0.0.0.0/0"
                ],
                "description": "",
                "from_port": 0,
                "ipv6_cidr_blocks": [],
                "prefix_list_ids": [],
                "protocol": "-1",
                "security_groups": [],
                "self": false,
                "to_port": 0
              }
            ],
            "id": "sg-081581c3109258fcf",
            "ingress": [
              {
                "cidr_blocks": [
                  "0.0.0.0/0"
                ],
                "description": "HTTP from Internet (optional direct access)",
                "from_port": 80,
                "ipv6_cidr_blocks": [],
                "prefix_list_ids": [],
                "protocol": "tcp",
                "security_groups": [],
                "self": false,
                "to_port": 80
              },
              {
                "cidr_blocks": [
                  "0.0.0.0/0"
                ],
                "description": "SSH",
                "from_port": 22,
                "ipv6_cidr_blocks": [],
                "prefix_list_ids": [],
                "protocol": "tcp",
                "security_groups": [],
                "self": false,
                "to_port": 22
              },
              {
                "cidr_blocks": [],
                "description": "HTTP from CLB SG",
                "from_port": 80,
                "ipv6_cidr_blocks": [],
                "prefix_list_ids": [],
                "protocol": "tcp",
                "security_groups": [
                  "sg-004d1f1e9598cc380"
                ],
                "self": false,
                "to_port": 80
              }
            ],
            "name": "public-sg",
            "name_prefix": "",
            "owner_id": "148712431636",
            "region": "us-east-1",
            "revoke_rules_on_delete": false,
            "tags": null,
            "tags_all": {},
            "timeouts": null,
            "vpc_id": "vpc-0c6ed6008a2daf611"
          },
          "sensitive_attributes": [],
          "identity_schema_version": 0,
          "identity": {
            "account_id": "148712431636",
            "id": "sg-081581c3109258fcf",
            "region": "us-east-1"
          },
          "private": "eyJlMmJmYjczMC1lY2FhLTExZTYtOGY4OC0zNDM2M2JjN2M0YzAiOnsiY3JlYXRlIjo2MDAwMDAwMDAwMDAsImRlbGV0ZSI6OTAwMDAwMDAwMDAwfSwic2NoZW1hX3ZlcnNpb24iOiIxIn0=",
          "dependencies": [
            "aws_security_group.clb_sg",
            "aws_vpc.main"
          ]
        }
      ]
    },
    {
      "mode": "managed",
      "type": "aws_subnet",
      "name": "private_a",
      "provider": "provider[\"registry.terraform.io/hashicorp/aws\"]",
      "instances": [
        {
          "schema_version": 1,
          "attributes": {
            "arn": "arn:aws:ec2:us-east-1:148712431636:subnet/subnet-0a06f1b33c867156b",
            "assign_ipv6_address_on_creation": false,
            "availability_zone": "us-east-1a",
            "availability_zone_id": "use1-az1",
            "cidr_block": "10.0.3.0/24",
            "customer_owned_ipv4_pool": "",
            "enable_dns64": false,
            "enable_lni_at_device_index": 0,
            "enable_resource_name_dns_a_record_on_launch": false,
            "enable_resource_name_dns_aaaa_record_on_launch": false,
            "id": "subnet-0a06f1b33c867156b",
            "ipv6_cidr_block": "",
            "ipv6_cidr_block_association_id": "",
            "ipv6_native": false,
            "map_customer_owned_ip_on_launch": false,
            "map_public_ip_on_launch": false,
            "outpost_arn": "",
            "owner_id": "148712431636",
            "private_dns_hostname_type_on_launch": "ip-name",
            "region": "us-east-1",
            "tags": {
              "Name": "private-subnet-a"
            },
            "tags_all": {
              "Name": "private-subnet-a"
            },
            "timeouts": null,
            "vpc_id": "vpc-0c6ed6008a2daf611"
          },
          "sensitive_attributes": [],
          "identity_schema_version": 0,
          "identity": {
            "account_id": "148712431636",
            "id": "subnet-0a06f1b33c867156b",
            "region": "us-east-1"
          },
          "private": "eyJlMmJmYjczMC1lY2FhLTExZTYtOGY4OC0zNDM2M2JjN2M0YzAiOnsiY3JlYXRlIjo2MDAwMDAwMDAwMDAsImRlbGV0ZSI6MTIwMDAwMDAwMDAwMH0sInNjaGVtYV92ZXJzaW9uIjoiMSJ9",
          "dependencies": [
            "aws_vpc.main"
          ]
        }
      ]
    },
    {
      "mode": "managed",
      "type": "aws_subnet",
      "name": "private_b",
      "provider": "provider[\"registry.terraform.io/hashicorp/aws\"]",
      "instances": [
        {
          "schema_version": 1,
          "attributes": {
            "arn": "arn:aws:ec2:us-east-1:148712431636:subnet/subnet-070f6ff2cd418b6bd",
            "assign_ipv6_address_on_creation": false,
            "availability_zone": "us-east-1b",
            "availability_zone_id": "use1-az2",
            "cidr_block": "10.0.4.0/24",
            "customer_owned_ipv4_pool": "",
            "enable_dns64": false,
            "enable_lni_at_device_index": 0,
            "enable_resource_name_dns_a_record_on_launch": false,
            "enable_resource_name_dns_aaaa_record_on_launch": false,
            "id": "subnet-070f6ff2cd418b6bd",
            "ipv6_cidr_block": "",
            "ipv6_cidr_block_association_id": "",
            "ipv6_native": false,
            "map_customer_owned_ip_on_launch": false,
            "map_public_ip_on_launch": false,
            "outpost_arn": "",
            "owner_id": "148712431636",
            "private_dns_hostname_type_on_launch": "ip-name",
            "region": "us-east-1",
            "tags": {
              "Name": "private-subnet-b"
            },
            "tags_all": {
              "Name": "private-subnet-b"
            },
            "timeouts": null,
            "vpc_id": "vpc-0c6ed6008a2daf611"
          },
          "sensitive_attributes": [],
          "identity_schema_version": 0,
          "identity": {
            "account_id": "148712431636",
            "id": "subnet-070f6ff2cd418b6bd",
            "region": "us-east-1"
          },
          "private": "eyJlMmJmYjczMC1lY2FhLTExZTYtOGY4OC0zNDM2M2JjN2M0YzAiOnsiY3JlYXRlIjo2MDAwMDAwMDAwMDAsImRlbGV0ZSI6MTIwMDAwMDAwMDAwMH0sInNjaGVtYV92ZXJzaW9uIjoiMSJ9",
          "dependencies": [
            "aws_vpc.main"
          ]
        }
      ]
    },
    {
      "mode": "managed",
      "type": "aws_subnet",
      "name": "public_a",
      "provider": "provider[\"registry.terraform.io/hashicorp/aws\"]",
      "instances": [
        {
          "schema_version": 1,
          "attributes": {
            "arn": "arn:aws:ec2:us-east-1:148712431636:subnet/subnet-02375f4cb5f9f8dc4",
            "assign_ipv6_address_on_creation": false,
            "availability_zone": "us-east-1a",
            "availability_zone_id": "use1-az1",
            "cidr_block": "10.0.1.0/24",
            "customer_owned_ipv4_pool": "",
            "enable_dns64": false,
            "enable_lni_at_device_index": 0,
            "enable_resource_name_dns_a_record_on_launch": false,
            "enable_resource_name_dns_aaaa_record_on_launch": false,
            "id": "subnet-02375f4cb5f9f8dc4",
            "ipv6_cidr_block": "",
            "ipv6_cidr_block_association_id": "",
            "ipv6_native": false,
            "map_customer_owned_ip_on_launch": false,
            "map_public_ip_on_launch": true,
            "outpost_arn": "",
            "owner_id": "148712431636",
            "private_dns_hostname_type_on_launch": "ip-name",
            "region": "us-east-1",
            "tags": {
              "Name": "public-subnet-a"
            },
            "tags_all": {
              "Name": "public-subnet-a"
            },
            "timeouts": null,
            "vpc_id": "vpc-0c6ed6008a2daf611"
          },
          "sensitive_attributes": [],
          "identity_schema_version": 0,
          "identity": {
            "account_id": "148712431636",
            "id": "subnet-02375f4cb5f9f8dc4",
            "region": "us-east-1"
          },
          "private": "eyJlMmJmYjczMC1lY2FhLTExZTYtOGY4OC0zNDM2M2JjN2M0YzAiOnsiY3JlYXRlIjo2MDAwMDAwMDAwMDAsImRlbGV0ZSI6MTIwMDAwMDAwMDAwMH0sInNjaGVtYV92ZXJzaW9uIjoiMSJ9",
          "dependencies": [
            "aws_vpc.main"
          ]
        }
      ]
    },
    {
      "mode": "managed",
      "type": "aws_subnet",
      "name": "public_b",
      "provider": "provider[\"registry.terraform.io/hashicorp/aws\"]",
      "instances": [
        {
          "schema_version": 1,
          "attributes": {
            "arn": "arn:aws:ec2:us-east-1:148712431636:subnet/subnet-03cbcc887fe67c5c1",
            "assign_ipv6_address_on_creation": false,
            "availability_zone": "us-east-1b",
            "availability_zone_id": "use1-az2",
            "cidr_block": "10.0.2.0/24",
            "customer_owned_ipv4_pool": "",
            "enable_dns64": false,
            "enable_lni_at_device_index": 0,
            "enable_resource_name_dns_a_record_on_launch": false,
            "enable_resource_name_dns_aaaa_record_on_launch": false,
            "id": "subnet-03cbcc887fe67c5c1",
            "ipv6_cidr_block": "",
            "ipv6_cidr_block_association_id": "",
            "ipv6_native": false,
            "map_customer_owned_ip_on_launch": false,
            "map_public_ip_on_launch": true,
            "outpost_arn": "",
            "owner_id": "148712431636",
            "private_dns_hostname_type_on_launch": "ip-name",
            "region": "us-east-1",
            "tags": {
              "Name": "public-subnet-b"
            },
            "tags_all": {
              "Name": "public-subnet-b"
            },
            "timeouts": null,
            "vpc_id": "vpc-0c6ed6008a2daf611"
          },
          "sensitive_attributes": [],
          "identity_schema_version": 0,
          "identity": {
            "account_id": "148712431636",
            "id": "subnet-03cbcc887fe67c5c1",
            "region": "us-east-1"
          },
          "private": "eyJlMmJmYjczMC1lY2FhLTExZTYtOGY4OC0zNDM2M2JjN2M0YzAiOnsiY3JlYXRlIjo2MDAwMDAwMDAwMDAsImRlbGV0ZSI6MTIwMDAwMDAwMDAwMH0sInNjaGVtYV92ZXJzaW9uIjoiMSJ9",
          "dependencies": [
            "aws_vpc.main"
          ]
        }
      ]
    },
    {
      "mode": "managed",
      "type": "aws_vpc",
      "name": "main",
      "provider": "provider[\"registry.terraform.io/hashicorp/aws\"]",
      "instances": [
        {
          "schema_version": 1,
          "attributes": {
            "arn": "arn:aws:ec2:us-east-1:148712431636:vpc/vpc-0c6ed6008a2daf611",
            "assign_generated_ipv6_cidr_block": false,
            "cidr_block": "10.0.0.0/16",
            "default_network_acl_id": "acl-0e3230cb0a00229a3",
            "default_route_table_id": "rtb-0a84b4ab828634f4a",
            "default_security_group_id": "sg-059a9fc64a767554b",
            "dhcp_options_id": "dopt-089360dccfdd084e9",
            "enable_dns_hostnames": true,
            "enable_dns_support": true,
            "enable_network_address_usage_metrics": false,
            "id": "vpc-0c6ed6008a2daf611",
            "instance_tenancy": "default",
            "ipv4_ipam_pool_id": null,
            "ipv4_netmask_length": null,
            "ipv6_association_id": "",
            "ipv6_cidr_block": "",
            "ipv6_cidr_block_network_border_group": "",
            "ipv6_ipam_pool_id": "",
            "ipv6_netmask_length": 0,
            "main_route_table_id": "rtb-0a84b4ab828634f4a",
            "owner_id": "148712431636",
            "region": "us-east-1",
            "tags": {
              "Name": "main-vpc"
            },
            "tags_all": {
              "Name": "main-vpc"
            }
          },
          "sensitive_attributes": [],
          "identity_schema_version": 0,
          "identity": {
            "account_id": "148712431636",
            "id": "vpc-0c6ed6008a2daf611",
            "region": "us-east-1"
          },
          "private": "eyJzY2hlbWFfdmVyc2lvbiI6IjEifQ=="
        }
      ]
    },
    {
      "mode": "managed",
      "type": "local_file",
      "name": "mykk_pem",
      "provider": "provider[\"registry.terraform.io/hashicorp/local\"]",
      "instances": [
        {
          "schema_version": 0,
          "attributes": {
            "content": "-----BEGIN RSA PRIVATE KEY-----\nMIIJKAIBAAKCAgEAt2SCdSep/FJCUfL1dbGoFnBTFYnTsje+1wZ1lgqn0zP8/jIC\n2ymxtgT0/NAFktDsVf0o8gQsqtpGIYPycadjq6mkw4OhcA5wXZdYfAYKmmfUxxo7\nECq/Pz+uMuq88S9ySQVxsSd9LbpGGq/JUqdDm2kIMOQuTjFCn1caXvWS6A2eqPL3\nlUvdywKWNRideGiNEM3XLYA4bStavqYk5EMQNXcbspV41DxbO6uprQfAtQZ4hJYx\nWRq5aIfZUgNyAzsLY1f9nbVW7aOSNpTTECsH7zQqEOZi9MAmy5gmT6toua4IPP7G\n/bo6NGPLGwdzVW8w2ipqn/VY6P4IyuClJHQnxf6gXvKWJ4wbWKwnMbWMhG7i+hW1\nCjACgeWhKVnY4xjbLRMyqzXWy6QbOV7C/hw03I/y3k1S1aTQCHjzhHXDeVI7rmWG\nb2Tj/su3Y05Z8cYrKeu7cKlxZvUtZ17dIUsbla4yGSjLR1VwRX0rqmzVmcGfvh4w\nACf11tFYerKulJ8OE/nL12+QhqIhgsBPoT5BlKhNZn8VQEP+53gKSKTYyCaG8NtA\nbkpigXEReQE8+DDuXSuabHTi3eXmWG5iiESIq739oj0dslRO1taal1+WJ7OaYVzZ\n/fi1GDZjLE4SigejaiHgHtI1hsjJSC/ECRgm7lbGaFPyPDHJjTLIxLP1lckCAwEA\nAQKCAgAuCJYwlyi1k+Ze0Kgph1MkcsSAMw0G/rQyIEZyx7DxtGqMWfxajAA2Ks9e\nCE9l13iDax0UhtS5fDm/XvID8lrz84zOoONsj8tHyt4kn5WYxXhlE+IAgGJqG298\nC20q81hyGOI9cCadTFUdjMNxslenknlCYHx5FydcfM47SNQ72HNbgEWCXb1KIJeY\ns1mPqFrEfY7GNpmzWX8ZPPYkr+rJKOE0dg2S5KWX+FKKgtgt+HZW/aZccfdZVERK\nMGA1jGQi5yrbo/Gyi+z/M2M5ezuuIP9wJ4xuWC9EyqfPNrz+Yr9hpChJ9y12Chio\n67lZGCSAlsYV6c2MCnwlhLcfS+LRhP1arl7nvI3D9UnQwbf5xrwgrIyCJQyxaaCp\nbxcxcqDHmrVnWO/XUoGu5bgFF00LbaNO5ZD9Yr3K3uW09CUoAHZSi6dEnEJR2MGS\nQApsiY5QBQ3eq5teUQK2b8KTdc1zn7ubhsrPWMZCynILANM430RO5M443NZXuUq/\nJIoWINEn/7wj4Mz0ycY/Ki8110dm8lOT2xEA7FyAll+CAAWnoc/L5JR/t/LBjwqO\nv9ZhluTfiJlH9560kPFQK3RY3cSk+NKOs+K/ByTvx6vDOTT+VjOk36bbKSO4XAk/\nDQvG67mTatV78Hwxh6t1gUZ7nhALbGJY0hbTvMFoVRbsyp7EswKCAQEA1xVEm9Qm\nRGpr/4SjOhKy+BWyQ4M1ecj+7DcqPEvd9UIdvsD+SB/MnAC1J4S3y+Jy3vLdyEV0\nZbUJkpg5yFfiBUlIFp3upDQsuPRo9XO/KtF1G61h1pF5/I43uey7W/xgP9ogvNz6\ndvh14aAtT/NeP5VyvNESnmPKgnT2T5WNe7c3oJciJFfrIE1gkAf+RmsGlb3Xpj2l\nHK3xouoFlORKAtCxCAT7TFZKe/7q7ApimQsstLYmgnfh3ycd1nQ1/OCy/GwmXIrV\nWgrP1pLu6rG0qTPm21RTMY51Wk6n+KtUctbxMCdVBSMtJueuDk7lo1lZLYgVWVwk\nWNbDbfD8byGtTwKCAQEA2kfjftgB/R5m33KqEK3baZ9b5p/fmK7bMnZr9XIu3vN6\ncy+zQcbleUTojWEa4ipUbF5eVBS30Dt8sOSIq5kLe8B4KHUzgNhvcu9gMKFX1r6X\nrtr++22iCPgVfDql5yPa5a0M+vhT5NTEwf40H0DeYtf9Alky0ViltPWT4dpniY+C\nOUlRbTnvxVnVgjr8A1uc6jlfq0mA2TBv1NwoVZt//evNXKkV4QJ9CRFQNegTTinx\nPLN6YlQDJsB03k8gaQNE7oyg0mnIAn2fdS/BN0mXxXQx87oVELqpDp2VkFSq+s5+\nRosMPCpimRzB9yErIqROG1urqrCFFR2w1sIjPCC1ZwKCAQBMKXzVDWfLnD/ICIjg\nXJTBYrVwULsT+AfFT7eGCHt9iL8NuDuTAKesqld7ufR3nyV8K1Y7v9R624ObRIpZ\nlj00EAIV+DD0NoGLsQiluin8mJU2isv1dihTNW0oSlsCNLlEgxJKrpmGnW7oyZai\nFBTQwTQTBpnoOoAQeChsgBHMuFFbbYkqg3OAScYi2qHA/88iIUqG1JduM244eVQm\nqDxJCOtXYqQ2IOxZQiigEwFdHmbjSwkR9C+onKplMVuYw1y+I/HlnUf1jZSRcBBo\nTSsjK3zZN+AJ0V9e7jFuzgSmcdSQb60cl5s6hpnM+UU59b6tb93XedhpGQu1F7vc\nAnnjAoIBAQCR89Gk5fBmfGaS8EvQvT9h36GGks3ifMCqfE5xnvjCMRFmZbW5vLGB\npdbNeemM4nryvyLZm8TQooYcjaLpAnuQMsDlZICcnZvfwTmTKr7eIzCvRVWLbuIS\nlzdeiqSV6f6a5lwwj80gzDgH8t6NK0XH194gLN5y5pBecHqCYRQsAd40Sdb9bujp\nD8lYu/H4mNBSOSzEDnDuSJnuPYtmuoQZmAsH8zNi8dQDNSVp9hS6hgb87JFfoAc/\naR5763KjZQE5dKSwLPUE3VS6+cR7IGUwLSKdcoZVWkpiMHJqQILXEy2SI7V5oWmu\nMXFsuivqjOyBFImzpzZFSUYOQ19l/ATvAoIBAGyvEkNlggSmRohwSO0JSsrqGXqa\n4Br/Rf3C8dWjZanYg1blH9RZQZudL+D3VMoD7uuTq2upMpk5jyArdOeOY69j6RGI\ng4R5oY/11qQzbrkTn+F9NjHDFK9OmPDQQjFo71EeYcvCph0ktBajkJl25XuskYId\nCncu+s0wvHnkimh+Ul9HahGXve4KpVUGPMtic61+QnK81O8baebgUgRr2v63VCC1\nmVqz0FYzOTEx8HCLp8Ql+1fziFDm4OmWZAhFIbKgYmP9vnxk71w7qeKiEVTlB6ND\nCt5WwzlSS81U5Uic9iZAuyYVj9Iuatb/t3Q2DXXwPE/Uf9N+yRqiX++ovXA=\n-----END RSA PRIVATE KEY-----\n",
            "content_base64": null,
            "content_base64sha256": "LUwLilwPZdH5vNWj1UO+Z5SADoKDB7UgO1xRZ86ogs8=",
            "content_base64sha512": "K4JOyWdXUXnXqE9SYDQvM9ND/NPR8dpJOOAEnuraaq3XhQ04AJg0GFAI7FhfVr3HZYYMXGJ2X6JAo1nPDK3dyQ==",
            "content_md5": "41ff54fe71aefd2f423df96a02feac06",
            "content_sha1": "1023b60c5cf898150e9f154fbfffff811fd4254a",
            "content_sha256": "2d4c0b8a5c0f65d1f9bcd5a3d543be6794800e828307b5203b5c5167cea882cf",
            "content_sha512": "2b824ec967575179d7a84f5260342f33d343fcd3d1f1da4938e0049eeada6aadd7850d38009834185008ec585f56bdc765860c5c62765fa240a359cf0cadddc9",
            "directory_permission": "0777",
            "file_permission": "0400",
            "filename": "./mykk.pem",
            "id": "1023b60c5cf898150e9f154fbfffff811fd4254a",
            "sensitive_content": null,
            "source": null
          },
          "sensitive_attributes": [
            [
              {
                "type": "get_attr",
                "value": "content"
              }
            ],
            [
              {
                "type": "get_attr",
                "value": "sensitive_content"
              }
            ]
          ],
          "identity_schema_version": 0,
          "dependencies": [
            "tls_private_key.mykk"
          ]
        }
      ]
    },
    {
      "mode": "managed",
      "type": "tls_private_key",
      "name": "mykk",
      "provider": "provider[\"registry.terraform.io/hashicorp/tls\"]",
      "instances": [
        {
          "schema_version": 1,
          "attributes": {
            "algorithm": "RSA",
            "ecdsa_curve": "P224",
            "id": "c23ea4babd69542470699cb939eb97acbbb0a901",
            "private_key_openssh": "-----BEGIN OPENSSH PRIVATE KEY-----\nb3BlbnNzaC1rZXktdjEAAAAABG5vbmUAAAAEbm9uZQAAAAAAAAABAAACFwAAAAdz\nc2gtcnNhAAAAAwEAAQAAAgEAt2SCdSep/FJCUfL1dbGoFnBTFYnTsje+1wZ1lgqn\n0zP8/jIC2ymxtgT0/NAFktDsVf0o8gQsqtpGIYPycadjq6mkw4OhcA5wXZdYfAYK\nmmfUxxo7ECq/Pz+uMuq88S9ySQVxsSd9LbpGGq/JUqdDm2kIMOQuTjFCn1caXvWS\n6A2eqPL3lUvdywKWNRideGiNEM3XLYA4bStavqYk5EMQNXcbspV41DxbO6uprQfA\ntQZ4hJYxWRq5aIfZUgNyAzsLY1f9nbVW7aOSNpTTECsH7zQqEOZi9MAmy5gmT6to\nua4IPP7G/bo6NGPLGwdzVW8w2ipqn/VY6P4IyuClJHQnxf6gXvKWJ4wbWKwnMbWM\nhG7i+hW1CjACgeWhKVnY4xjbLRMyqzXWy6QbOV7C/hw03I/y3k1S1aTQCHjzhHXD\neVI7rmWGb2Tj/su3Y05Z8cYrKeu7cKlxZvUtZ17dIUsbla4yGSjLR1VwRX0rqmzV\nmcGfvh4wACf11tFYerKulJ8OE/nL12+QhqIhgsBPoT5BlKhNZn8VQEP+53gKSKTY\nyCaG8NtAbkpigXEReQE8+DDuXSuabHTi3eXmWG5iiESIq739oj0dslRO1taal1+W\nJ7OaYVzZ/fi1GDZjLE4SigejaiHgHtI1hsjJSC/ECRgm7lbGaFPyPDHJjTLIxLP1\nlckAAAc4+b/iefm/4nkAAAAHc3NoLXJzYQAAAgEAt2SCdSep/FJCUfL1dbGoFnBT\nFYnTsje+1wZ1lgqn0zP8/jIC2ymxtgT0/NAFktDsVf0o8gQsqtpGIYPycadjq6mk\nw4OhcA5wXZdYfAYKmmfUxxo7ECq/Pz+uMuq88S9ySQVxsSd9LbpGGq/JUqdDm2kI\nMOQuTjFCn1caXvWS6A2eqPL3lUvdywKWNRideGiNEM3XLYA4bStavqYk5EMQNXcb\nspV41DxbO6uprQfAtQZ4hJYxWRq5aIfZUgNyAzsLY1f9nbVW7aOSNpTTECsH7zQq\nEOZi9MAmy5gmT6toua4IPP7G/bo6NGPLGwdzVW8w2ipqn/VY6P4IyuClJHQnxf6g\nXvKWJ4wbWKwnMbWMhG7i+hW1CjACgeWhKVnY4xjbLRMyqzXWy6QbOV7C/hw03I/y\n3k1S1aTQCHjzhHXDeVI7rmWGb2Tj/su3Y05Z8cYrKeu7cKlxZvUtZ17dIUsbla4y\nGSjLR1VwRX0rqmzVmcGfvh4wACf11tFYerKulJ8OE/nL12+QhqIhgsBPoT5BlKhN\nZn8VQEP+53gKSKTYyCaG8NtAbkpigXEReQE8+DDuXSuabHTi3eXmWG5iiESIq739\noj0dslRO1taal1+WJ7OaYVzZ/fi1GDZjLE4SigejaiHgHtI1hsjJSC/ECRgm7lbG\naFPyPDHJjTLIxLP1lckAAAADAQABAAACAC4IljCXKLWT5l7QqCmHUyRyxIAzDQb+\ntDIgRnLHsPG0aoxZ/FqMADYqz14IT2XXeINrHRSG1Ll8Ob9e8gPyWvPzjM6g42yP\ny0fK3iSflZjFeGUT4gCAYmobb3wLbSrzWHIY4j1wJp1MVR2Mw3GyV6eSeUJgfHkX\nJ1x8zjtI1DvYc1uARYJdvUogl5izWY+oWsR9jsY2mbNZfxk89iSv6sko4TR2DZLk\npZf4UoqC2C34dlb9plxx91lUREowYDWMZCLnKtuj8bKL7P8zYzl7O64g/3AnjG5Y\nL0TKp882vP5iv2GkKEn3LXYKGKjruVkYJICWxhXpzYwKfCWEtx9L4tGE/VquXue8\njcP1SdDBt/nGvCCsjIIlDLFpoKlvFzFyoMeatWdY79dSga7luAUXTQtto07lkP1i\nvcre5bT0JSgAdlKLp0ScQlHYwZJACmyJjlAFDd6rm15RArZvwpN1zXOfu5uGys9Y\nxkLKcgsA0zjfRE7kzjjc1le5Sr8kihYg0Sf/vCPgzPTJxj8qLzXXR2byU5PbEQDs\nXICWX4IABaehz8vklH+38sGPCo6/1mGW5N+ImUf3nrSQ8VArdFjdxKT40o6z4r8H\nJO/Hq8M5NP5WM6TfptspI7hcCT8NC8bruZNq1XvwfDGHq3WBRnueEAtsYljSFtO8\nwWhVFuzKnsSzAAABAGyvEkNlggSmRohwSO0JSsrqGXqa4Br/Rf3C8dWjZanYg1bl\nH9RZQZudL+D3VMoD7uuTq2upMpk5jyArdOeOY69j6RGIg4R5oY/11qQzbrkTn+F9\nNjHDFK9OmPDQQjFo71EeYcvCph0ktBajkJl25XuskYIdCncu+s0wvHnkimh+Ul9H\nahGXve4KpVUGPMtic61+QnK81O8baebgUgRr2v63VCC1mVqz0FYzOTEx8HCLp8Ql\n+1fziFDm4OmWZAhFIbKgYmP9vnxk71w7qeKiEVTlB6NDCt5WwzlSS81U5Uic9iZA\nuyYVj9Iuatb/t3Q2DXXwPE/Uf9N+yRqiX++ovXAAAAEBANcVRJvUJkRqa/+EozoS\nsvgVskODNXnI/uw3KjxL3fVCHb7A/kgfzJwAtSeEt8vict7y3chFdGW1CZKYOchX\n4gVJSBad7qQ0LLj0aPVzvyrRdRutYdaRefyON7nsu1v8YD/aILzc+nb4deGgLU/z\nXj+VcrzREp5jyoJ09k+VjXu3N6CXIiRX6yBNYJAH/kZrBpW916Y9pRyt8aLqBZTk\nSgLQsQgE+0xWSnv+6uwKYpkLLLS2JoJ34d8nHdZ0NfzgsvxsJlyK1VoKz9aS7uqx\ntKkz5ttUUzGOdVpOp/irVHLW8TAnVQUjLSbnrg5O5aNZWS2IFVlcJFjWw23w/G8h\nrU8AAAEBANpH437YAf0eZt9yqhCt22mfW+af35iu2zJ2a/VyLt7zenMvs0HG5XlE\n6I1hGuIqVGxeXlQUt9A7fLDkiKuZC3vAeCh1M4DYb3LvYDChV9a+l67a/vttogj4\nFXw6pecj2uWtDPr4U+TUxMH+NB9A3mLX/QJZMtFYpbT1k+HaZ4mPgjlJUW0578VZ\n1YI6/ANbnOo5X6tJgNkwb9TcKFWbf/3rzVypFeECfQkRUDXoE04p8TyzemJUAybA\ndN5PIGkDRO6MoNJpyAJ9n3UvwTdJl8V0MfO6FRC6qQ6dlZBUqvrOfkaLDDwqYpkc\nwfchKyKkThtbq6qwhRUdsNbCIzwgtWcAAAAAAQID\n-----END OPENSSH PRIVATE KEY-----\n",
            "private_key_pem": "-----BEGIN RSA PRIVATE KEY-----\nMIIJKAIBAAKCAgEAt2SCdSep/FJCUfL1dbGoFnBTFYnTsje+1wZ1lgqn0zP8/jIC\n2ymxtgT0/NAFktDsVf0o8gQsqtpGIYPycadjq6mkw4OhcA5wXZdYfAYKmmfUxxo7\nECq/Pz+uMuq88S9ySQVxsSd9LbpGGq/JUqdDm2kIMOQuTjFCn1caXvWS6A2eqPL3\nlUvdywKWNRideGiNEM3XLYA4bStavqYk5EMQNXcbspV41DxbO6uprQfAtQZ4hJYx\nWRq5aIfZUgNyAzsLY1f9nbVW7aOSNpTTECsH7zQqEOZi9MAmy5gmT6toua4IPP7G\n/bo6NGPLGwdzVW8w2ipqn/VY6P4IyuClJHQnxf6gXvKWJ4wbWKwnMbWMhG7i+hW1\nCjACgeWhKVnY4xjbLRMyqzXWy6QbOV7C/hw03I/y3k1S1aTQCHjzhHXDeVI7rmWG\nb2Tj/su3Y05Z8cYrKeu7cKlxZvUtZ17dIUsbla4yGSjLR1VwRX0rqmzVmcGfvh4w\nACf11tFYerKulJ8OE/nL12+QhqIhgsBPoT5BlKhNZn8VQEP+53gKSKTYyCaG8NtA\nbkpigXEReQE8+DDuXSuabHTi3eXmWG5iiESIq739oj0dslRO1taal1+WJ7OaYVzZ\n/fi1GDZjLE4SigejaiHgHtI1hsjJSC/ECRgm7lbGaFPyPDHJjTLIxLP1lckCAwEA\nAQKCAgAuCJYwlyi1k+Ze0Kgph1MkcsSAMw0G/rQyIEZyx7DxtGqMWfxajAA2Ks9e\nCE9l13iDax0UhtS5fDm/XvID8lrz84zOoONsj8tHyt4kn5WYxXhlE+IAgGJqG298\nC20q81hyGOI9cCadTFUdjMNxslenknlCYHx5FydcfM47SNQ72HNbgEWCXb1KIJeY\ns1mPqFrEfY7GNpmzWX8ZPPYkr+rJKOE0dg2S5KWX+FKKgtgt+HZW/aZccfdZVERK\nMGA1jGQi5yrbo/Gyi+z/M2M5ezuuIP9wJ4xuWC9EyqfPNrz+Yr9hpChJ9y12Chio\n67lZGCSAlsYV6c2MCnwlhLcfS+LRhP1arl7nvI3D9UnQwbf5xrwgrIyCJQyxaaCp\nbxcxcqDHmrVnWO/XUoGu5bgFF00LbaNO5ZD9Yr3K3uW09CUoAHZSi6dEnEJR2MGS\nQApsiY5QBQ3eq5teUQK2b8KTdc1zn7ubhsrPWMZCynILANM430RO5M443NZXuUq/\nJIoWINEn/7wj4Mz0ycY/Ki8110dm8lOT2xEA7FyAll+CAAWnoc/L5JR/t/LBjwqO\nv9ZhluTfiJlH9560kPFQK3RY3cSk+NKOs+K/ByTvx6vDOTT+VjOk36bbKSO4XAk/\nDQvG67mTatV78Hwxh6t1gUZ7nhALbGJY0hbTvMFoVRbsyp7EswKCAQEA1xVEm9Qm\nRGpr/4SjOhKy+BWyQ4M1ecj+7DcqPEvd9UIdvsD+SB/MnAC1J4S3y+Jy3vLdyEV0\nZbUJkpg5yFfiBUlIFp3upDQsuPRo9XO/KtF1G61h1pF5/I43uey7W/xgP9ogvNz6\ndvh14aAtT/NeP5VyvNESnmPKgnT2T5WNe7c3oJciJFfrIE1gkAf+RmsGlb3Xpj2l\nHK3xouoFlORKAtCxCAT7TFZKe/7q7ApimQsstLYmgnfh3ycd1nQ1/OCy/GwmXIrV\nWgrP1pLu6rG0qTPm21RTMY51Wk6n+KtUctbxMCdVBSMtJueuDk7lo1lZLYgVWVwk\nWNbDbfD8byGtTwKCAQEA2kfjftgB/R5m33KqEK3baZ9b5p/fmK7bMnZr9XIu3vN6\ncy+zQcbleUTojWEa4ipUbF5eVBS30Dt8sOSIq5kLe8B4KHUzgNhvcu9gMKFX1r6X\nrtr++22iCPgVfDql5yPa5a0M+vhT5NTEwf40H0DeYtf9Alky0ViltPWT4dpniY+C\nOUlRbTnvxVnVgjr8A1uc6jlfq0mA2TBv1NwoVZt//evNXKkV4QJ9CRFQNegTTinx\nPLN6YlQDJsB03k8gaQNE7oyg0mnIAn2fdS/BN0mXxXQx87oVELqpDp2VkFSq+s5+\nRosMPCpimRzB9yErIqROG1urqrCFFR2w1sIjPCC1ZwKCAQBMKXzVDWfLnD/ICIjg\nXJTBYrVwULsT+AfFT7eGCHt9iL8NuDuTAKesqld7ufR3nyV8K1Y7v9R624ObRIpZ\nlj00EAIV+DD0NoGLsQiluin8mJU2isv1dihTNW0oSlsCNLlEgxJKrpmGnW7oyZai\nFBTQwTQTBpnoOoAQeChsgBHMuFFbbYkqg3OAScYi2qHA/88iIUqG1JduM244eVQm\nqDxJCOtXYqQ2IOxZQiigEwFdHmbjSwkR9C+onKplMVuYw1y+I/HlnUf1jZSRcBBo\nTSsjK3zZN+AJ0V9e7jFuzgSmcdSQb60cl5s6hpnM+UU59b6tb93XedhpGQu1F7vc\nAnnjAoIBAQCR89Gk5fBmfGaS8EvQvT9h36GGks3ifMCqfE5xnvjCMRFmZbW5vLGB\npdbNeemM4nryvyLZm8TQooYcjaLpAnuQMsDlZICcnZvfwTmTKr7eIzCvRVWLbuIS\nlzdeiqSV6f6a5lwwj80gzDgH8t6NK0XH194gLN5y5pBecHqCYRQsAd40Sdb9bujp\nD8lYu/H4mNBSOSzEDnDuSJnuPYtmuoQZmAsH8zNi8dQDNSVp9hS6hgb87JFfoAc/\naR5763KjZQE5dKSwLPUE3VS6+cR7IGUwLSKdcoZVWkpiMHJqQILXEy2SI7V5oWmu\nMXFsuivqjOyBFImzpzZFSUYOQ19l/ATvAoIBAGyvEkNlggSmRohwSO0JSsrqGXqa\n4Br/Rf3C8dWjZanYg1blH9RZQZudL+D3VMoD7uuTq2upMpk5jyArdOeOY69j6RGI\ng4R5oY/11qQzbrkTn+F9NjHDFK9OmPDQQjFo71EeYcvCph0ktBajkJl25XuskYId\nCncu+s0wvHnkimh+Ul9HahGXve4KpVUGPMtic61+QnK81O8baebgUgRr2v63VCC1\nmVqz0FYzOTEx8HCLp8Ql+1fziFDm4OmWZAhFIbKgYmP9vnxk71w7qeKiEVTlB6ND\nCt5WwzlSS81U5Uic9iZAuyYVj9Iuatb/t3Q2DXXwPE/Uf9N+yRqiX++ovXA=\n-----END RSA PRIVATE KEY-----\n",
            "private_key_pem_pkcs8": "-----BEGIN PRIVATE KEY-----\nMIIJQgIBADANBgkqhkiG9w0BAQEFAASCCSwwggkoAgEAAoICAQC3ZIJ1J6n8UkJR\n8vV1sagWcFMVidOyN77XBnWWCqfTM/z+MgLbKbG2BPT80AWS0OxV/SjyBCyq2kYh\ng/Jxp2OrqaTDg6FwDnBdl1h8BgqaZ9THGjsQKr8/P64y6rzxL3JJBXGxJ30tukYa\nr8lSp0ObaQgw5C5OMUKfVxpe9ZLoDZ6o8veVS93LApY1GJ14aI0QzdctgDhtK1q+\npiTkQxA1dxuylXjUPFs7q6mtB8C1BniEljFZGrloh9lSA3IDOwtjV/2dtVbto5I2\nlNMQKwfvNCoQ5mL0wCbLmCZPq2i5rgg8/sb9ujo0Y8sbB3NVbzDaKmqf9Vjo/gjK\n4KUkdCfF/qBe8pYnjBtYrCcxtYyEbuL6FbUKMAKB5aEpWdjjGNstEzKrNdbLpBs5\nXsL+HDTcj/LeTVLVpNAIePOEdcN5UjuuZYZvZOP+y7djTlnxxisp67twqXFm9S1n\nXt0hSxuVrjIZKMtHVXBFfSuqbNWZwZ++HjAAJ/XW0Vh6sq6Unw4T+cvXb5CGoiGC\nwE+hPkGUqE1mfxVAQ/7neApIpNjIJobw20BuSmKBcRF5ATz4MO5dK5psdOLd5eZY\nbmKIRIirvf2iPR2yVE7W1pqXX5Yns5phXNn9+LUYNmMsThKKB6NqIeAe0jWGyMlI\nL8QJGCbuVsZoU/I8McmNMsjEs/WVyQIDAQABAoICAC4IljCXKLWT5l7QqCmHUyRy\nxIAzDQb+tDIgRnLHsPG0aoxZ/FqMADYqz14IT2XXeINrHRSG1Ll8Ob9e8gPyWvPz\njM6g42yPy0fK3iSflZjFeGUT4gCAYmobb3wLbSrzWHIY4j1wJp1MVR2Mw3GyV6eS\neUJgfHkXJ1x8zjtI1DvYc1uARYJdvUogl5izWY+oWsR9jsY2mbNZfxk89iSv6sko\n4TR2DZLkpZf4UoqC2C34dlb9plxx91lUREowYDWMZCLnKtuj8bKL7P8zYzl7O64g\n/3AnjG5YL0TKp882vP5iv2GkKEn3LXYKGKjruVkYJICWxhXpzYwKfCWEtx9L4tGE\n/VquXue8jcP1SdDBt/nGvCCsjIIlDLFpoKlvFzFyoMeatWdY79dSga7luAUXTQtt\no07lkP1ivcre5bT0JSgAdlKLp0ScQlHYwZJACmyJjlAFDd6rm15RArZvwpN1zXOf\nu5uGys9YxkLKcgsA0zjfRE7kzjjc1le5Sr8kihYg0Sf/vCPgzPTJxj8qLzXXR2by\nU5PbEQDsXICWX4IABaehz8vklH+38sGPCo6/1mGW5N+ImUf3nrSQ8VArdFjdxKT4\n0o6z4r8HJO/Hq8M5NP5WM6TfptspI7hcCT8NC8bruZNq1XvwfDGHq3WBRnueEAts\nYljSFtO8wWhVFuzKnsSzAoIBAQDXFUSb1CZEamv/hKM6ErL4FbJDgzV5yP7sNyo8\nS931Qh2+wP5IH8ycALUnhLfL4nLe8t3IRXRltQmSmDnIV+IFSUgWne6kNCy49Gj1\nc78q0XUbrWHWkXn8jje57Ltb/GA/2iC83Pp2+HXhoC1P814/lXK80RKeY8qCdPZP\nlY17tzeglyIkV+sgTWCQB/5GawaVvdemPaUcrfGi6gWU5EoC0LEIBPtMVkp7/urs\nCmKZCyy0tiaCd+HfJx3WdDX84LL8bCZcitVaCs/Wku7qsbSpM+bbVFMxjnVaTqf4\nq1Ry1vEwJ1UFIy0m564OTuWjWVktiBVZXCRY1sNt8PxvIa1PAoIBAQDaR+N+2AH9\nHmbfcqoQrdtpn1vmn9+Yrtsydmv1ci7e83pzL7NBxuV5ROiNYRriKlRsXl5UFLfQ\nO3yw5IirmQt7wHgodTOA2G9y72AwoVfWvpeu2v77baII+BV8OqXnI9rlrQz6+FPk\n1MTB/jQfQN5i1/0CWTLRWKW09ZPh2meJj4I5SVFtOe/FWdWCOvwDW5zqOV+rSYDZ\nMG/U3ChVm3/9681cqRXhAn0JEVA16BNOKfE8s3piVAMmwHTeTyBpA0TujKDSacgC\nfZ91L8E3SZfFdDHzuhUQuqkOnZWQVKr6zn5Giww8KmKZHMH3ISsipE4bW6uqsIUV\nHbDWwiM8ILVnAoIBAEwpfNUNZ8ucP8gIiOBclMFitXBQuxP4B8VPt4YIe32Ivw24\nO5MAp6yqV3u59HefJXwrVju/1Hrbg5tEilmWPTQQAhX4MPQ2gYuxCKW6KfyYlTaK\ny/V2KFM1bShKWwI0uUSDEkqumYadbujJlqIUFNDBNBMGmeg6gBB4KGyAEcy4UVtt\niSqDc4BJxiLaocD/zyIhSobUl24zbjh5VCaoPEkI61dipDYg7FlCKKATAV0eZuNL\nCRH0L6icqmUxW5jDXL4j8eWdR/WNlJFwEGhNKyMrfNk34AnRX17uMW7OBKZx1JBv\nrRyXmzqGmcz5RTn1vq1v3dd52GkZC7UXu9wCeeMCggEBAJHz0aTl8GZ8ZpLwS9C9\nP2HfoYaSzeJ8wKp8TnGe+MIxEWZltbm8sYGl1s156YzievK/ItmbxNCihhyNoukC\ne5AywOVkgJydm9/BOZMqvt4jMK9FVYtu4hKXN16KpJXp/prmXDCPzSDMOAfy3o0r\nRcfX3iAs3nLmkF5weoJhFCwB3jRJ1v1u6OkPyVi78fiY0FI5LMQOcO5Ime49i2a6\nhBmYCwfzM2Lx1AM1JWn2FLqGBvzskV+gBz9pHnvrcqNlATl0pLAs9QTdVLr5xHsg\nZTAtIp1yhlVaSmIwcmpAgtcTLZIjtXmhaa4xcWy6K+qM7IEUibOnNkVJRg5DX2X8\nBO8CggEAbK8SQ2WCBKZGiHBI7QlKyuoZeprgGv9F/cLx1aNlqdiDVuUf1FlBm50v\n4PdUygPu65Ora6kymTmPICt0545jr2PpEYiDhHmhj/XWpDNuuROf4X02McMUr06Y\n8NBCMWjvUR5hy8KmHSS0FqOQmXble6yRgh0Kdy76zTC8eeSKaH5SX0dqEZe97gql\nVQY8y2JzrX5CcrzU7xtp5uBSBGva/rdUILWZWrPQVjM5MTHwcIunxCX7V/OIUObg\n6ZZkCEUhsqBiY/2+fGTvXDup4qIRVOUHo0MK3lbDOVJLzVTlSJz2JkC7JhWP0i5q\n1v+3dDYNdfA8T9R/037JGqJf76i9cA==\n-----END PRIVATE KEY-----\n",
            "public_key_fingerprint_md5": "89:67:a1:f0:96:f0:b7:59:32:2d:be:c3:98:2f:5a:60",
            "public_key_fingerprint_sha256": "SHA256:BAn7MGVVYCMSGGizm8uWETa3QPEHhYPUZ0S6HqJrTf8",
            "public_key_openssh": "ssh-rsa AAAAB3NzaC1yc2EAAAADAQABAAACAQC3ZIJ1J6n8UkJR8vV1sagWcFMVidOyN77XBnWWCqfTM/z+MgLbKbG2BPT80AWS0OxV/SjyBCyq2kYhg/Jxp2OrqaTDg6FwDnBdl1h8BgqaZ9THGjsQKr8/P64y6rzxL3JJBXGxJ30tukYar8lSp0ObaQgw5C5OMUKfVxpe9ZLoDZ6o8veVS93LApY1GJ14aI0QzdctgDhtK1q+piTkQxA1dxuylXjUPFs7q6mtB8C1BniEljFZGrloh9lSA3IDOwtjV/2dtVbto5I2lNMQKwfvNCoQ5mL0wCbLmCZPq2i5rgg8/sb9ujo0Y8sbB3NVbzDaKmqf9Vjo/gjK4KUkdCfF/qBe8pYnjBtYrCcxtYyEbuL6FbUKMAKB5aEpWdjjGNstEzKrNdbLpBs5XsL+HDTcj/LeTVLVpNAIePOEdcN5UjuuZYZvZOP+y7djTlnxxisp67twqXFm9S1nXt0hSxuVrjIZKMtHVXBFfSuqbNWZwZ++HjAAJ/XW0Vh6sq6Unw4T+cvXb5CGoiGCwE+hPkGUqE1mfxVAQ/7neApIpNjIJobw20BuSmKBcRF5ATz4MO5dK5psdOLd5eZYbmKIRIirvf2iPR2yVE7W1pqXX5Yns5phXNn9+LUYNmMsThKKB6NqIeAe0jWGyMlIL8QJGCbuVsZoU/I8McmNMsjEs/WVyQ==\n",
            "public_key_pem": "-----BEGIN PUBLIC KEY-----\nMIICIjANBgkqhkiG9w0BAQEFAAOCAg8AMIICCgKCAgEAt2SCdSep/FJCUfL1dbGo\nFnBTFYnTsje+1wZ1lgqn0zP8/jIC2ymxtgT0/NAFktDsVf0o8gQsqtpGIYPycadj\nq6mkw4OhcA5wXZdYfAYKmmfUxxo7ECq/Pz+uMuq88S9ySQVxsSd9LbpGGq/JUqdD\nm2kIMOQuTjFCn1caXvWS6A2eqPL3lUvdywKWNRideGiNEM3XLYA4bStavqYk5EMQ\nNXcbspV41DxbO6uprQfAtQZ4hJYxWRq5aIfZUgNyAzsLY1f9nbVW7aOSNpTTECsH\n7zQqEOZi9MAmy5gmT6toua4IPP7G/bo6NGPLGwdzVW8w2ipqn/VY6P4IyuClJHQn\nxf6gXvKWJ4wbWKwnMbWMhG7i+hW1CjACgeWhKVnY4xjbLRMyqzXWy6QbOV7C/hw0\n3I/y3k1S1aTQCHjzhHXDeVI7rmWGb2Tj/su3Y05Z8cYrKeu7cKlxZvUtZ17dIUsb\nla4yGSjLR1VwRX0rqmzVmcGfvh4wACf11tFYerKulJ8OE/nL12+QhqIhgsBPoT5B\nlKhNZn8VQEP+53gKSKTYyCaG8NtAbkpigXEReQE8+DDuXSuabHTi3eXmWG5iiESI\nq739oj0dslRO1taal1+WJ7OaYVzZ/fi1GDZjLE4SigejaiHgHtI1hsjJSC/ECRgm\n7lbGaFPyPDHJjTLIxLP1lckCAwEAAQ==\n-----END PUBLIC KEY-----\n",
            "rsa_bits": 4096
          },
          "sensitive_attributes": [
            [
              {
                "type": "get_attr",
                "value": "private_key_openssh"
              }
            ],
            [
              {
                "type": "get_attr",
                "value": "private_key_pem"
              }
            ],
            [
              {
                "type": "get_attr",
                "value": "private_key_pem_pkcs8"
              }
            ]
          ],
          "identity_schema_version": 0
        }
      ]
    }
  ],
  "check_results": null
}
